
Microsoft Visual Studio Solution File, Format Version 12.00
# Visual Studio Version 17
VisualStudioVersion = 17.3.32811.315
MinimumVisualStudioVersion = 10.0.40219.1
Project("{9A19103F-16F7-4668-BE54-9A1E7A4F7556}") = "WPR", "Core\WPR\WPR.csproj", "{A13DCCB9-0EC0-465D-B213-EC85DAB5D85F}"
EndProject
Project("{9A19103F-16F7-4668-BE54-9A1E7A4F7556}") = "Microsoft.Xna.Framework.GamerServices", "Core\Microsoft.Xna.Framework.GamerServices\Microsoft.Xna.Framework.GamerServices.csproj", "{31DA94C5-69B1-47E5-AF30-831781BD81F0}"
EndProject
Project("{9A19103F-16F7-4668-BE54-9A1E7A4F7556}") = "Microsoft.Phone", "Core\Microsoft.Phone\Microsoft.Phone.csproj", "{2EA5CAE8-3286-4B84-8754-6A8AF951E40D}"
EndProject
Project("{9A19103F-16F7-4668-BE54-9A1E7A4F7556}") = "WPR.XnaCompability", "Core\WPR.XnaCompabilityPatch\WPR.XnaCompability.csproj", "{20422187-3B6A-4566-ADFC-AF7D0D2EAB42}"
EndProject
Project("{9A19103F-16F7-4668-BE54-9A1E7A4F7556}") = "Microsoft.Devices.Sensors", "Core\Microsoft.Device.Sensors\Microsoft.Devices.Sensors.csproj", "{09215565-AF76-4B22-A78F-82A0C0C2FCDA}"
EndProject
Project("{9A19103F-16F7-4668-BE54-9A1E7A4F7556}") = "WPR.Common", "Core\WPR.Common\WPR.Common.csproj", "{4A5AE689-B314-4EEC-8931-8B98F154DB13}"
EndProject
Project("{9A19103F-16F7-4668-BE54-9A1E7A4F7556}") = "WPR.UI", "UI\WPR.UI\WPR.UI.csproj", "{BE06568F-093C-42EC-B928-93627BD316D9}"
EndProject
Project("{2150E333-8FDC-42A3-9474-1A3956D46DE8}") = "Solution Items", "Solution Items", "{6E983CAD-A70E-4E17-AEB2-97CA116C6F6E}"
	ProjectSection(SolutionItems) = preProject
		Database\TrueAchievements\AchievementsNameToKey.json = Database\TrueAchievements\AchievementsNameToKey.json
		Database\TrueAchievements\ProductIdUrl.json = Database\TrueAchievements\ProductIdUrl.json
	EndProjectSection
	ProjectSection(FolderGlobals) = preProject
		E_5_4Development_4WPR_4Database_4TrueAchievements_4AchievementsNameToKey_1json__JsonSchema = https://docs.gradle.com/build-cache-node/schema/build-cache-node-config-schema-5.json
	EndProjectSection
EndProject
Project("{9A19103F-16F7-4668-BE54-9A1E7A4F7556}") = "FNA.Core", "ThirdParty\fna\FNA.Core.csproj", "{1046DFEB-2394-4477-B3E1-436B2EF8E295}"
EndProject
Project("{9A19103F-16F7-4668-BE54-9A1E7A4F7556}") = "WPR.WindowsCompability", "Core\WPR.WindowsCompability\WPR.WindowsCompability.csproj", "{DF810EFF-1899-4B16-A4A2-C16B175890A7}"
EndProject
Project("{9A19103F-16F7-4668-BE54-9A1E7A4F7556}") = "System.Device", "Core\System.Device\System.Device.csproj", "{5A2AC660-0290-4E7C-96A3-2B16BAAD04C2}"
EndProject
Project("{9A19103F-16F7-4668-BE54-9A1E7A4F7556}") = "DesktopNotifications", "ThirdParty\DesktopNotifications\DesktopNotifications\DesktopNotifications.csproj", "{6A6AD9E1-052A-4241-ACA7-9ADE483610A4}"
EndProject
Project("{9A19103F-16F7-4668-BE54-9A1E7A4F7556}") = "DesktopNotifications.Windows", "ThirdParty\DesktopNotifications\DesktopNotifications.Windows\DesktopNotifications.Windows.csproj", "{6AC291D7-EAD5-4917-80E8-2E90CF9AD2C6}"
EndProject
Project("{9A19103F-16F7-4668-BE54-9A1E7A4F7556}") = "DesktopNotifications.FreeDesktop", "ThirdParty\DesktopNotifications\DesktopNotifications.FreeDesktop\DesktopNotifications.FreeDesktop.csproj", "{88BB263C-CFE9-43F0-BCDA-EB81DCE6E4B2}"
EndProject
Project("{9A19103F-16F7-4668-BE54-9A1E7A4F7556}") = "DesktopNotifications.Apple", "ThirdParty\DesktopNotifications\DesktopNotifications.Apple\DesktopNotifications.Apple.csproj", "{9D17D8FC-D6AF-4ABC-B5FE-6DBFEAE91D83}"
EndProject
Project("{FAE04EC0-301F-11D3-BF4B-00C04F79EFBC}") = "Org.Libsdl.App", "JavaBindings\Org.Libsdl.App\Org.Libsdl.App.csproj", "{E2BA6CBD-B975-479D-815D-D87B38C9E9C1}"
EndProject
Project("{9A19103F-16F7-4668-BE54-9A1E7A4F7556}") = "WPR.UI.Android", "UI\WPR.UI.Android\WPR.UI.Android.csproj", "{2805EC1C-C7F7-429B-8CC0-D9ED1F0D954C}"
EndProject
Project("{9A19103F-16F7-4668-BE54-9A1E7A4F7556}") = "WPR.UI.Desktop", "UI\WPR.UI.Desktop\WPR.UI.Desktop.csproj", "{EFC000CC-4122-464A-B800-921F86A77A25}"
EndProject
Project("{9A19103F-16F7-4668-BE54-9A1E7A4F7556}") = "Projektanker.Icons.Avalonia.FontAwesome", "ThirdParty\Icons.Avalonia\src\Projektanker.Icons.Avalonia.FontAwesome\Projektanker.Icons.Avalonia.FontAwesome.csproj", "{D5D60B98-8610-4EAA-ACD6-4D91CCB33141}"
EndProject
Project("{9A19103F-16F7-4668-BE54-9A1E7A4F7556}") = "Projektanker.Icons.Avalonia.MaterialDesign", "ThirdParty\Icons.Avalonia\src\Projektanker.Icons.Avalonia.MaterialDesign\Projektanker.Icons.Avalonia.MaterialDesign.csproj", "{FB7DD9CC-C488-4095-81DF-2538C35E0BD8}"
EndProject
Project("{9A19103F-16F7-4668-BE54-9A1E7A4F7556}") = "Projektanker.Icons.Avalonia", "ThirdParty\Icons.Avalonia\src\Projektanker.Icons.Avalonia\Projektanker.Icons.Avalonia.csproj", "{15936ED3-078E-4E06-A517-65434CC28E90}"
EndProject
Project("{9A19103F-16F7-4668-BE54-9A1E7A4F7556}") = "com.arthenica.ffmpegkit", "JavaBindings\com.arthenica.ffmpegkit\com.arthenica.ffmpegkit.csproj", "{0BA62FDF-71AD-4B8A-A6B0-35EFF3C300C4}"
EndProject
Project("{9A19103F-16F7-4668-BE54-9A1E7A4F7556}") = "com.arthenica.smartexception", "JavaBindings\com.arthenica.smartexception\com.arthenica.smartexception.csproj", "{9BD1EE7F-6D1A-481F-8D13-F3205EEBD454}"
EndProject
Project("{9A19103F-16F7-4668-BE54-9A1E7A4F7556}") = "com.arthenica.smartexception.java", "JavaBindings\com.arthenica.smartexception.java\com.arthenica.smartexception.java.csproj", "{9119490C-E582-4E55-AFA5-6A51680711BA}"
EndProject
Project("{9A19103F-16F7-4668-BE54-9A1E7A4F7556}") = "DesktopNotifications.Android", "ThirdParty\DesktopNotifications\DesktopNotifications.Android\DesktopNotifications.Android.csproj", "{F39854E7-0838-484A-B90F-A481C4070E9D}"
EndProject
Project("{9A19103F-16F7-4668-BE54-9A1E7A4F7556}") = "assembly-store-reader", "ThirdParty\assembly-store-reader\assembly-store-reader.csproj", "{41BDFD3A-8C3B-402D-BED6-5FC81EE1A22A}"
EndProject
Project("{2150E333-8FDC-42A3-9474-1A3956D46DE8}") = "JAR Bindings", "JAR Bindings", "{1205A9F0-96F5-47D0-A46E-03EB98619B31}"
EndProject
Project("{2150E333-8FDC-42A3-9474-1A3956D46DE8}") = "Third Party", "Third Party", "{CBBF747E-EAFE-4679-A1DB-933615B0B58F}"
EndProject
Project("{2150E333-8FDC-42A3-9474-1A3956D46DE8}") = "DesktopNotifications", "DesktopNotifications", "{5BEA3297-4101-491D-A1A8-73BFB1078DB8}"
EndProject
Project("{2150E333-8FDC-42A3-9474-1A3956D46DE8}") = "Assemblies Reimplementation", "Assemblies Reimplementation", "{0551204A-A764-45F7-91EB-6817586876E9}"
EndProject
Project("{2150E333-8FDC-42A3-9474-1A3956D46DE8}") = "Assemblies Patch", "Assemblies Patch", "{DED4ABDA-245B-4AF2-9F40-179C3BCBA0E2}"
EndProject
Project("{2150E333-8FDC-42A3-9474-1A3956D46DE8}") = "Core", "Core", "{5A6560FF-794C-4369-AC8A-2019C0797869}"
EndProject
Project("{2150E333-8FDC-42A3-9474-1A3956D46DE8}") = "UI", "UI", "{AA3F7F2B-778E-4B57-A8AB-E1BCA44E2211}"
EndProject
Project("{2150E333-8FDC-42A3-9474-1A3956D46DE8}") = "ProjekTanker.Icons", "ProjekTanker.Icons", "{609B9E8D-4DB9-429C-B4C4-A75202A3CF4F}"
EndProject
Project("{FAE04EC0-301F-11D3-BF4B-00C04F79EFBC}") = "WPR.StandardCompability", "Core\WPR.StandardCompability\WPR.StandardCompability.csproj", "{CC5E7BD5-4B3A-4723-A00E-9B174B94F3F0}"
EndProject
Global
	GlobalSection(SolutionConfigurationPlatforms) = preSolution
		Debug|Any CPU = Debug|Any CPU
		Debug|x64 = Debug|x64
		Debug|x86 = Debug|x86
		MinSizeRel|Any CPU = MinSizeRel|Any CPU
		MinSizeRel|x64 = MinSizeRel|x64
		MinSizeRel|x86 = MinSizeRel|x86
		Release|Any CPU = Release|Any CPU
		Release|x64 = Release|x64
		Release|x86 = Release|x86
		RelWithDebInfo|Any CPU = RelWithDebInfo|Any CPU
		RelWithDebInfo|x64 = RelWithDebInfo|x64
		RelWithDebInfo|x86 = RelWithDebInfo|x86
	EndGlobalSection
	GlobalSection(ProjectConfigurationPlatforms) = postSolution
		{A13DCCB9-0EC0-465D-B213-EC85DAB5D85F}.Debug|Any CPU.ActiveCfg = Debug|Any CPU
		{A13DCCB9-0EC0-465D-B213-EC85DAB5D85F}.Debug|Any CPU.Build.0 = Debug|Any CPU
		{A13DCCB9-0EC0-465D-B213-EC85DAB5D85F}.Debug|x64.ActiveCfg = Debug|Any CPU
		{A13DCCB9-0EC0-465D-B213-EC85DAB5D85F}.Debug|x64.Build.0 = Debug|Any CPU
		{A13DCCB9-0EC0-465D-B213-EC85DAB5D85F}.Debug|x86.ActiveCfg = Debug|Any CPU
		{A13DCCB9-0EC0-465D-B213-EC85DAB5D85F}.Debug|x86.Build.0 = Debug|Any CPU
		{A13DCCB9-0EC0-465D-B213-EC85DAB5D85F}.MinSizeRel|Any CPU.ActiveCfg = Release|Any CPU
		{A13DCCB9-0EC0-465D-B213-EC85DAB5D85F}.MinSizeRel|Any CPU.Build.0 = Release|Any CPU
		{A13DCCB9-0EC0-465D-B213-EC85DAB5D85F}.MinSizeRel|x64.ActiveCfg = Release|Any CPU
		{A13DCCB9-0EC0-465D-B213-EC85DAB5D85F}.MinSizeRel|x64.Build.0 = Release|Any CPU
		{A13DCCB9-0EC0-465D-B213-EC85DAB5D85F}.MinSizeRel|x86.ActiveCfg = Release|Any CPU
		{A13DCCB9-0EC0-465D-B213-EC85DAB5D85F}.MinSizeRel|x86.Build.0 = Release|Any CPU
		{A13DCCB9-0EC0-465D-B213-EC85DAB5D85F}.Release|Any CPU.ActiveCfg = Release|Any CPU
		{A13DCCB9-0EC0-465D-B213-EC85DAB5D85F}.Release|Any CPU.Build.0 = Release|Any CPU
		{A13DCCB9-0EC0-465D-B213-EC85DAB5D85F}.Release|x64.ActiveCfg = Release|Any CPU
		{A13DCCB9-0EC0-465D-B213-EC85DAB5D85F}.Release|x64.Build.0 = Release|Any CPU
		{A13DCCB9-0EC0-465D-B213-EC85DAB5D85F}.Release|x86.ActiveCfg = Release|Any CPU
		{A13DCCB9-0EC0-465D-B213-EC85DAB5D85F}.Release|x86.Build.0 = Release|Any CPU
		{A13DCCB9-0EC0-465D-B213-EC85DAB5D85F}.RelWithDebInfo|Any CPU.ActiveCfg = Release|Any CPU
		{A13DCCB9-0EC0-465D-B213-EC85DAB5D85F}.RelWithDebInfo|Any CPU.Build.0 = Release|Any CPU
		{A13DCCB9-0EC0-465D-B213-EC85DAB5D85F}.RelWithDebInfo|x64.ActiveCfg = Release|Any CPU
		{A13DCCB9-0EC0-465D-B213-EC85DAB5D85F}.RelWithDebInfo|x64.Build.0 = Release|Any CPU
		{A13DCCB9-0EC0-465D-B213-EC85DAB5D85F}.RelWithDebInfo|x86.ActiveCfg = Release|Any CPU
		{A13DCCB9-0EC0-465D-B213-EC85DAB5D85F}.RelWithDebInfo|x86.Build.0 = Release|Any CPU
		{31DA94C5-69B1-47E5-AF30-831781BD81F0}.Debug|Any CPU.ActiveCfg = Debug|Any CPU
		{31DA94C5-69B1-47E5-AF30-831781BD81F0}.Debug|Any CPU.Build.0 = Debug|Any CPU
		{31DA94C5-69B1-47E5-AF30-831781BD81F0}.Debug|x64.ActiveCfg = Debug|Any CPU
		{31DA94C5-69B1-47E5-AF30-831781BD81F0}.Debug|x64.Build.0 = Debug|Any CPU
		{31DA94C5-69B1-47E5-AF30-831781BD81F0}.Debug|x86.ActiveCfg = Debug|Any CPU
		{31DA94C5-69B1-47E5-AF30-831781BD81F0}.Debug|x86.Build.0 = Debug|Any CPU
		{31DA94C5-69B1-47E5-AF30-831781BD81F0}.MinSizeRel|Any CPU.ActiveCfg = Release|Any CPU
		{31DA94C5-69B1-47E5-AF30-831781BD81F0}.MinSizeRel|Any CPU.Build.0 = Release|Any CPU
		{31DA94C5-69B1-47E5-AF30-831781BD81F0}.MinSizeRel|x64.ActiveCfg = Release|Any CPU
		{31DA94C5-69B1-47E5-AF30-831781BD81F0}.MinSizeRel|x64.Build.0 = Release|Any CPU
		{31DA94C5-69B1-47E5-AF30-831781BD81F0}.MinSizeRel|x86.ActiveCfg = Release|Any CPU
		{31DA94C5-69B1-47E5-AF30-831781BD81F0}.MinSizeRel|x86.Build.0 = Release|Any CPU
		{31DA94C5-69B1-47E5-AF30-831781BD81F0}.Release|Any CPU.ActiveCfg = Release|Any CPU
		{31DA94C5-69B1-47E5-AF30-831781BD81F0}.Release|Any CPU.Build.0 = Release|Any CPU
		{31DA94C5-69B1-47E5-AF30-831781BD81F0}.Release|x64.ActiveCfg = Release|Any CPU
		{31DA94C5-69B1-47E5-AF30-831781BD81F0}.Release|x64.Build.0 = Release|Any CPU
		{31DA94C5-69B1-47E5-AF30-831781BD81F0}.Release|x86.ActiveCfg = Release|Any CPU
		{31DA94C5-69B1-47E5-AF30-831781BD81F0}.Release|x86.Build.0 = Release|Any CPU
		{31DA94C5-69B1-47E5-AF30-831781BD81F0}.RelWithDebInfo|Any CPU.ActiveCfg = Release|Any CPU
		{31DA94C5-69B1-47E5-AF30-831781BD81F0}.RelWithDebInfo|Any CPU.Build.0 = Release|Any CPU
		{31DA94C5-69B1-47E5-AF30-831781BD81F0}.RelWithDebInfo|x64.ActiveCfg = Release|Any CPU
		{31DA94C5-69B1-47E5-AF30-831781BD81F0}.RelWithDebInfo|x64.Build.0 = Release|Any CPU
		{31DA94C5-69B1-47E5-AF30-831781BD81F0}.RelWithDebInfo|x86.ActiveCfg = Release|Any CPU
		{31DA94C5-69B1-47E5-AF30-831781BD81F0}.RelWithDebInfo|x86.Build.0 = Release|Any CPU
		{2EA5CAE8-3286-4B84-8754-6A8AF951E40D}.Debug|Any CPU.ActiveCfg = Debug|Any CPU
		{2EA5CAE8-3286-4B84-8754-6A8AF951E40D}.Debug|Any CPU.Build.0 = Debug|Any CPU
		{2EA5CAE8-3286-4B84-8754-6A8AF951E40D}.Debug|x64.ActiveCfg = Debug|Any CPU
		{2EA5CAE8-3286-4B84-8754-6A8AF951E40D}.Debug|x64.Build.0 = Debug|Any CPU
		{2EA5CAE8-3286-4B84-8754-6A8AF951E40D}.Debug|x86.ActiveCfg = Debug|Any CPU
		{2EA5CAE8-3286-4B84-8754-6A8AF951E40D}.Debug|x86.Build.0 = Debug|Any CPU
		{2EA5CAE8-3286-4B84-8754-6A8AF951E40D}.MinSizeRel|Any CPU.ActiveCfg = Release|Any CPU
		{2EA5CAE8-3286-4B84-8754-6A8AF951E40D}.MinSizeRel|Any CPU.Build.0 = Release|Any CPU
		{2EA5CAE8-3286-4B84-8754-6A8AF951E40D}.MinSizeRel|x64.ActiveCfg = Release|Any CPU
		{2EA5CAE8-3286-4B84-8754-6A8AF951E40D}.MinSizeRel|x64.Build.0 = Release|Any CPU
		{2EA5CAE8-3286-4B84-8754-6A8AF951E40D}.MinSizeRel|x86.ActiveCfg = Release|Any CPU
		{2EA5CAE8-3286-4B84-8754-6A8AF951E40D}.MinSizeRel|x86.Build.0 = Release|Any CPU
		{2EA5CAE8-3286-4B84-8754-6A8AF951E40D}.Release|Any CPU.ActiveCfg = Release|Any CPU
		{2EA5CAE8-3286-4B84-8754-6A8AF951E40D}.Release|Any CPU.Build.0 = Release|Any CPU
		{2EA5CAE8-3286-4B84-8754-6A8AF951E40D}.Release|x64.ActiveCfg = Release|Any CPU
		{2EA5CAE8-3286-4B84-8754-6A8AF951E40D}.Release|x64.Build.0 = Release|Any CPU
		{2EA5CAE8-3286-4B84-8754-6A8AF951E40D}.Release|x86.ActiveCfg = Release|Any CPU
		{2EA5CAE8-3286-4B84-8754-6A8AF951E40D}.Release|x86.Build.0 = Release|Any CPU
		{2EA5CAE8-3286-4B84-8754-6A8AF951E40D}.RelWithDebInfo|Any CPU.ActiveCfg = Release|Any CPU
		{2EA5CAE8-3286-4B84-8754-6A8AF951E40D}.RelWithDebInfo|Any CPU.Build.0 = Release|Any CPU
		{2EA5CAE8-3286-4B84-8754-6A8AF951E40D}.RelWithDebInfo|x64.ActiveCfg = Release|Any CPU
		{2EA5CAE8-3286-4B84-8754-6A8AF951E40D}.RelWithDebInfo|x64.Build.0 = Release|Any CPU
		{2EA5CAE8-3286-4B84-8754-6A8AF951E40D}.RelWithDebInfo|x86.ActiveCfg = Release|Any CPU
		{2EA5CAE8-3286-4B84-8754-6A8AF951E40D}.RelWithDebInfo|x86.Build.0 = Release|Any CPU
		{20422187-3B6A-4566-ADFC-AF7D0D2EAB42}.Debug|Any CPU.ActiveCfg = Debug|Any CPU
		{20422187-3B6A-4566-ADFC-AF7D0D2EAB42}.Debug|Any CPU.Build.0 = Debug|Any CPU
		{20422187-3B6A-4566-ADFC-AF7D0D2EAB42}.Debug|x64.ActiveCfg = Debug|Any CPU
		{20422187-3B6A-4566-ADFC-AF7D0D2EAB42}.Debug|x64.Build.0 = Debug|Any CPU
		{20422187-3B6A-4566-ADFC-AF7D0D2EAB42}.Debug|x86.ActiveCfg = Debug|Any CPU
		{20422187-3B6A-4566-ADFC-AF7D0D2EAB42}.Debug|x86.Build.0 = Debug|Any CPU
		{20422187-3B6A-4566-ADFC-AF7D0D2EAB42}.MinSizeRel|Any CPU.ActiveCfg = Release|Any CPU
		{20422187-3B6A-4566-ADFC-AF7D0D2EAB42}.MinSizeRel|Any CPU.Build.0 = Release|Any CPU
		{20422187-3B6A-4566-ADFC-AF7D0D2EAB42}.MinSizeRel|x64.ActiveCfg = Release|Any CPU
		{20422187-3B6A-4566-ADFC-AF7D0D2EAB42}.MinSizeRel|x64.Build.0 = Release|Any CPU
		{20422187-3B6A-4566-ADFC-AF7D0D2EAB42}.MinSizeRel|x86.ActiveCfg = Release|Any CPU
		{20422187-3B6A-4566-ADFC-AF7D0D2EAB42}.MinSizeRel|x86.Build.0 = Release|Any CPU
		{20422187-3B6A-4566-ADFC-AF7D0D2EAB42}.Release|Any CPU.ActiveCfg = Release|Any CPU
		{20422187-3B6A-4566-ADFC-AF7D0D2EAB42}.Release|Any CPU.Build.0 = Release|Any CPU
		{20422187-3B6A-4566-ADFC-AF7D0D2EAB42}.Release|x64.ActiveCfg = Release|Any CPU
		{20422187-3B6A-4566-ADFC-AF7D0D2EAB42}.Release|x64.Build.0 = Release|Any CPU
		{20422187-3B6A-4566-ADFC-AF7D0D2EAB42}.Release|x86.ActiveCfg = Release|Any CPU
		{20422187-3B6A-4566-ADFC-AF7D0D2EAB42}.Release|x86.Build.0 = Release|Any CPU
		{20422187-3B6A-4566-ADFC-AF7D0D2EAB42}.RelWithDebInfo|Any CPU.ActiveCfg = Release|Any CPU
		{20422187-3B6A-4566-ADFC-AF7D0D2EAB42}.RelWithDebInfo|Any CPU.Build.0 = Release|Any CPU
		{20422187-3B6A-4566-ADFC-AF7D0D2EAB42}.RelWithDebInfo|x64.ActiveCfg = Release|Any CPU
		{20422187-3B6A-4566-ADFC-AF7D0D2EAB42}.RelWithDebInfo|x64.Build.0 = Release|Any CPU
		{20422187-3B6A-4566-ADFC-AF7D0D2EAB42}.RelWithDebInfo|x86.ActiveCfg = Release|Any CPU
		{20422187-3B6A-4566-ADFC-AF7D0D2EAB42}.RelWithDebInfo|x86.Build.0 = Release|Any CPU
		{09215565-AF76-4B22-A78F-82A0C0C2FCDA}.Debug|Any CPU.ActiveCfg = Debug|Any CPU
		{09215565-AF76-4B22-A78F-82A0C0C2FCDA}.Debug|Any CPU.Build.0 = Debug|Any CPU
		{09215565-AF76-4B22-A78F-82A0C0C2FCDA}.Debug|x64.ActiveCfg = Debug|Any CPU
		{09215565-AF76-4B22-A78F-82A0C0C2FCDA}.Debug|x64.Build.0 = Debug|Any CPU
		{09215565-AF76-4B22-A78F-82A0C0C2FCDA}.Debug|x86.ActiveCfg = Debug|Any CPU
		{09215565-AF76-4B22-A78F-82A0C0C2FCDA}.Debug|x86.Build.0 = Debug|Any CPU
		{09215565-AF76-4B22-A78F-82A0C0C2FCDA}.MinSizeRel|Any CPU.ActiveCfg = Release|Any CPU
		{09215565-AF76-4B22-A78F-82A0C0C2FCDA}.MinSizeRel|Any CPU.Build.0 = Release|Any CPU
		{09215565-AF76-4B22-A78F-82A0C0C2FCDA}.MinSizeRel|x64.ActiveCfg = Release|Any CPU
		{09215565-AF76-4B22-A78F-82A0C0C2FCDA}.MinSizeRel|x64.Build.0 = Release|Any CPU
		{09215565-AF76-4B22-A78F-82A0C0C2FCDA}.MinSizeRel|x86.ActiveCfg = Release|Any CPU
		{09215565-AF76-4B22-A78F-82A0C0C2FCDA}.MinSizeRel|x86.Build.0 = Release|Any CPU
		{09215565-AF76-4B22-A78F-82A0C0C2FCDA}.Release|Any CPU.ActiveCfg = Release|Any CPU
		{09215565-AF76-4B22-A78F-82A0C0C2FCDA}.Release|Any CPU.Build.0 = Release|Any CPU
		{09215565-AF76-4B22-A78F-82A0C0C2FCDA}.Release|x64.ActiveCfg = Release|Any CPU
		{09215565-AF76-4B22-A78F-82A0C0C2FCDA}.Release|x64.Build.0 = Release|Any CPU
		{09215565-AF76-4B22-A78F-82A0C0C2FCDA}.Release|x86.ActiveCfg = Release|Any CPU
		{09215565-AF76-4B22-A78F-82A0C0C2FCDA}.Release|x86.Build.0 = Release|Any CPU
		{09215565-AF76-4B22-A78F-82A0C0C2FCDA}.RelWithDebInfo|Any CPU.ActiveCfg = Release|Any CPU
		{09215565-AF76-4B22-A78F-82A0C0C2FCDA}.RelWithDebInfo|Any CPU.Build.0 = Release|Any CPU
		{09215565-AF76-4B22-A78F-82A0C0C2FCDA}.RelWithDebInfo|x64.ActiveCfg = Release|Any CPU
		{09215565-AF76-4B22-A78F-82A0C0C2FCDA}.RelWithDebInfo|x64.Build.0 = Release|Any CPU
		{09215565-AF76-4B22-A78F-82A0C0C2FCDA}.RelWithDebInfo|x86.ActiveCfg = Release|Any CPU
		{09215565-AF76-4B22-A78F-82A0C0C2FCDA}.RelWithDebInfo|x86.Build.0 = Release|Any CPU
		{4A5AE689-B314-4EEC-8931-8B98F154DB13}.Debug|Any CPU.ActiveCfg = Debug|Any CPU
		{4A5AE689-B314-4EEC-8931-8B98F154DB13}.Debug|Any CPU.Build.0 = Debug|Any CPU
		{4A5AE689-B314-4EEC-8931-8B98F154DB13}.Debug|x64.ActiveCfg = Debug|Any CPU
		{4A5AE689-B314-4EEC-8931-8B98F154DB13}.Debug|x64.Build.0 = Debug|Any CPU
		{4A5AE689-B314-4EEC-8931-8B98F154DB13}.Debug|x86.ActiveCfg = Debug|Any CPU
		{4A5AE689-B314-4EEC-8931-8B98F154DB13}.Debug|x86.Build.0 = Debug|Any CPU
		{4A5AE689-B314-4EEC-8931-8B98F154DB13}.MinSizeRel|Any CPU.ActiveCfg = Release|Any CPU
		{4A5AE689-B314-4EEC-8931-8B98F154DB13}.MinSizeRel|Any CPU.Build.0 = Release|Any CPU
		{4A5AE689-B314-4EEC-8931-8B98F154DB13}.MinSizeRel|x64.ActiveCfg = Release|Any CPU
		{4A5AE689-B314-4EEC-8931-8B98F154DB13}.MinSizeRel|x64.Build.0 = Release|Any CPU
		{4A5AE689-B314-4EEC-8931-8B98F154DB13}.MinSizeRel|x86.ActiveCfg = Release|Any CPU
		{4A5AE689-B314-4EEC-8931-8B98F154DB13}.MinSizeRel|x86.Build.0 = Release|Any CPU
		{4A5AE689-B314-4EEC-8931-8B98F154DB13}.Release|Any CPU.ActiveCfg = Release|Any CPU
		{4A5AE689-B314-4EEC-8931-8B98F154DB13}.Release|Any CPU.Build.0 = Release|Any CPU
		{4A5AE689-B314-4EEC-8931-8B98F154DB13}.Release|x64.ActiveCfg = Release|Any CPU
		{4A5AE689-B314-4EEC-8931-8B98F154DB13}.Release|x64.Build.0 = Release|Any CPU
		{4A5AE689-B314-4EEC-8931-8B98F154DB13}.Release|x86.ActiveCfg = Release|Any CPU
		{4A5AE689-B314-4EEC-8931-8B98F154DB13}.Release|x86.Build.0 = Release|Any CPU
		{4A5AE689-B314-4EEC-8931-8B98F154DB13}.RelWithDebInfo|Any CPU.ActiveCfg = Release|Any CPU
		{4A5AE689-B314-4EEC-8931-8B98F154DB13}.RelWithDebInfo|Any CPU.Build.0 = Release|Any CPU
		{4A5AE689-B314-4EEC-8931-8B98F154DB13}.RelWithDebInfo|x64.ActiveCfg = Release|Any CPU
		{4A5AE689-B314-4EEC-8931-8B98F154DB13}.RelWithDebInfo|x64.Build.0 = Release|Any CPU
		{4A5AE689-B314-4EEC-8931-8B98F154DB13}.RelWithDebInfo|x86.ActiveCfg = Release|Any CPU
		{4A5AE689-B314-4EEC-8931-8B98F154DB13}.RelWithDebInfo|x86.Build.0 = Release|Any CPU
		{BE06568F-093C-42EC-B928-93627BD316D9}.Debug|Any CPU.ActiveCfg = Debug|Any CPU
		{BE06568F-093C-42EC-B928-93627BD316D9}.Debug|Any CPU.Build.0 = Debug|Any CPU
		{BE06568F-093C-42EC-B928-93627BD316D9}.Debug|x64.ActiveCfg = Debug|Any CPU
		{BE06568F-093C-42EC-B928-93627BD316D9}.Debug|x64.Build.0 = Debug|Any CPU
		{BE06568F-093C-42EC-B928-93627BD316D9}.Debug|x86.ActiveCfg = Debug|Any CPU
		{BE06568F-093C-42EC-B928-93627BD316D9}.Debug|x86.Build.0 = Debug|Any CPU
		{BE06568F-093C-42EC-B928-93627BD316D9}.MinSizeRel|Any CPU.ActiveCfg = Release|Any CPU
		{BE06568F-093C-42EC-B928-93627BD316D9}.MinSizeRel|Any CPU.Build.0 = Release|Any CPU
		{BE06568F-093C-42EC-B928-93627BD316D9}.MinSizeRel|x64.ActiveCfg = Release|Any CPU
		{BE06568F-093C-42EC-B928-93627BD316D9}.MinSizeRel|x64.Build.0 = Release|Any CPU
		{BE06568F-093C-42EC-B928-93627BD316D9}.MinSizeRel|x86.ActiveCfg = Release|Any CPU
		{BE06568F-093C-42EC-B928-93627BD316D9}.MinSizeRel|x86.Build.0 = Release|Any CPU
		{BE06568F-093C-42EC-B928-93627BD316D9}.Release|Any CPU.ActiveCfg = Release|Any CPU
		{BE06568F-093C-42EC-B928-93627BD316D9}.Release|Any CPU.Build.0 = Release|Any CPU
		{BE06568F-093C-42EC-B928-93627BD316D9}.Release|x64.ActiveCfg = Release|Any CPU
		{BE06568F-093C-42EC-B928-93627BD316D9}.Release|x64.Build.0 = Release|Any CPU
		{BE06568F-093C-42EC-B928-93627BD316D9}.Release|x86.ActiveCfg = Release|Any CPU
		{BE06568F-093C-42EC-B928-93627BD316D9}.Release|x86.Build.0 = Release|Any CPU
		{BE06568F-093C-42EC-B928-93627BD316D9}.RelWithDebInfo|Any CPU.ActiveCfg = Release|Any CPU
		{BE06568F-093C-42EC-B928-93627BD316D9}.RelWithDebInfo|Any CPU.Build.0 = Release|Any CPU
		{BE06568F-093C-42EC-B928-93627BD316D9}.RelWithDebInfo|x64.ActiveCfg = Release|Any CPU
		{BE06568F-093C-42EC-B928-93627BD316D9}.RelWithDebInfo|x64.Build.0 = Release|Any CPU
		{BE06568F-093C-42EC-B928-93627BD316D9}.RelWithDebInfo|x86.ActiveCfg = Release|Any CPU
		{BE06568F-093C-42EC-B928-93627BD316D9}.RelWithDebInfo|x86.Build.0 = Release|Any CPU
		{1046DFEB-2394-4477-B3E1-436B2EF8E295}.Debug|Any CPU.ActiveCfg = Debug|x64
		{1046DFEB-2394-4477-B3E1-436B2EF8E295}.Debug|Any CPU.Build.0 = Debug|x64
		{1046DFEB-2394-4477-B3E1-436B2EF8E295}.Debug|x64.ActiveCfg = Debug|x64
		{1046DFEB-2394-4477-B3E1-436B2EF8E295}.Debug|x64.Build.0 = Debug|x64
		{1046DFEB-2394-4477-B3E1-436B2EF8E295}.Debug|x86.ActiveCfg = Debug|x64
		{1046DFEB-2394-4477-B3E1-436B2EF8E295}.Debug|x86.Build.0 = Debug|x64
		{1046DFEB-2394-4477-B3E1-436B2EF8E295}.MinSizeRel|Any CPU.ActiveCfg = Release|x64
		{1046DFEB-2394-4477-B3E1-436B2EF8E295}.MinSizeRel|Any CPU.Build.0 = Release|x64
		{1046DFEB-2394-4477-B3E1-436B2EF8E295}.MinSizeRel|x64.ActiveCfg = Release|x64
		{1046DFEB-2394-4477-B3E1-436B2EF8E295}.MinSizeRel|x64.Build.0 = Release|x64
		{1046DFEB-2394-4477-B3E1-436B2EF8E295}.MinSizeRel|x86.ActiveCfg = Release|x64
		{1046DFEB-2394-4477-B3E1-436B2EF8E295}.MinSizeRel|x86.Build.0 = Release|x64
		{1046DFEB-2394-4477-B3E1-436B2EF8E295}.Release|Any CPU.ActiveCfg = Release|x64
		{1046DFEB-2394-4477-B3E1-436B2EF8E295}.Release|Any CPU.Build.0 = Release|x64
		{1046DFEB-2394-4477-B3E1-436B2EF8E295}.Release|x64.ActiveCfg = Release|x64
		{1046DFEB-2394-4477-B3E1-436B2EF8E295}.Release|x64.Build.0 = Release|x64
		{1046DFEB-2394-4477-B3E1-436B2EF8E295}.Release|x86.ActiveCfg = Release|x64
		{1046DFEB-2394-4477-B3E1-436B2EF8E295}.Release|x86.Build.0 = Release|x64
		{1046DFEB-2394-4477-B3E1-436B2EF8E295}.RelWithDebInfo|Any CPU.ActiveCfg = Release|x64
		{1046DFEB-2394-4477-B3E1-436B2EF8E295}.RelWithDebInfo|Any CPU.Build.0 = Release|x64
		{1046DFEB-2394-4477-B3E1-436B2EF8E295}.RelWithDebInfo|x64.ActiveCfg = Release|x64
		{1046DFEB-2394-4477-B3E1-436B2EF8E295}.RelWithDebInfo|x64.Build.0 = Release|x64
		{1046DFEB-2394-4477-B3E1-436B2EF8E295}.RelWithDebInfo|x86.ActiveCfg = Release|x64
		{1046DFEB-2394-4477-B3E1-436B2EF8E295}.RelWithDebInfo|x86.Build.0 = Release|x64
		{DF810EFF-1899-4B16-A4A2-C16B175890A7}.Debug|Any CPU.ActiveCfg = Debug|Any CPU
		{DF810EFF-1899-4B16-A4A2-C16B175890A7}.Debug|Any CPU.Build.0 = Debug|Any CPU
		{DF810EFF-1899-4B16-A4A2-C16B175890A7}.Debug|x64.ActiveCfg = Debug|Any CPU
		{DF810EFF-1899-4B16-A4A2-C16B175890A7}.Debug|x64.Build.0 = Debug|Any CPU
		{DF810EFF-1899-4B16-A4A2-C16B175890A7}.Debug|x86.ActiveCfg = Debug|Any CPU
		{DF810EFF-1899-4B16-A4A2-C16B175890A7}.Debug|x86.Build.0 = Debug|Any CPU
		{DF810EFF-1899-4B16-A4A2-C16B175890A7}.MinSizeRel|Any CPU.ActiveCfg = Release|Any CPU
		{DF810EFF-1899-4B16-A4A2-C16B175890A7}.MinSizeRel|Any CPU.Build.0 = Release|Any CPU
		{DF810EFF-1899-4B16-A4A2-C16B175890A7}.MinSizeRel|x64.ActiveCfg = Release|Any CPU
		{DF810EFF-1899-4B16-A4A2-C16B175890A7}.MinSizeRel|x64.Build.0 = Release|Any CPU
		{DF810EFF-1899-4B16-A4A2-C16B175890A7}.MinSizeRel|x86.ActiveCfg = Release|Any CPU
		{DF810EFF-1899-4B16-A4A2-C16B175890A7}.MinSizeRel|x86.Build.0 = Release|Any CPU
		{DF810EFF-1899-4B16-A4A2-C16B175890A7}.Release|Any CPU.ActiveCfg = Release|Any CPU
		{DF810EFF-1899-4B16-A4A2-C16B175890A7}.Release|Any CPU.Build.0 = Release|Any CPU
		{DF810EFF-1899-4B16-A4A2-C16B175890A7}.Release|x64.ActiveCfg = Release|Any CPU
		{DF810EFF-1899-4B16-A4A2-C16B175890A7}.Release|x64.Build.0 = Release|Any CPU
		{DF810EFF-1899-4B16-A4A2-C16B175890A7}.Release|x86.ActiveCfg = Release|Any CPU
		{DF810EFF-1899-4B16-A4A2-C16B175890A7}.Release|x86.Build.0 = Release|Any CPU
		{DF810EFF-1899-4B16-A4A2-C16B175890A7}.RelWithDebInfo|Any CPU.ActiveCfg = Release|Any CPU
		{DF810EFF-1899-4B16-A4A2-C16B175890A7}.RelWithDebInfo|Any CPU.Build.0 = Release|Any CPU
		{DF810EFF-1899-4B16-A4A2-C16B175890A7}.RelWithDebInfo|x64.ActiveCfg = Release|Any CPU
		{DF810EFF-1899-4B16-A4A2-C16B175890A7}.RelWithDebInfo|x64.Build.0 = Release|Any CPU
		{DF810EFF-1899-4B16-A4A2-C16B175890A7}.RelWithDebInfo|x86.ActiveCfg = Release|Any CPU
		{DF810EFF-1899-4B16-A4A2-C16B175890A7}.RelWithDebInfo|x86.Build.0 = Release|Any CPU
		{5A2AC660-0290-4E7C-96A3-2B16BAAD04C2}.Debug|Any CPU.ActiveCfg = Debug|Any CPU
		{5A2AC660-0290-4E7C-96A3-2B16BAAD04C2}.Debug|Any CPU.Build.0 = Debug|Any CPU
		{5A2AC660-0290-4E7C-96A3-2B16BAAD04C2}.Debug|x64.ActiveCfg = Debug|Any CPU
		{5A2AC660-0290-4E7C-96A3-2B16BAAD04C2}.Debug|x64.Build.0 = Debug|Any CPU
		{5A2AC660-0290-4E7C-96A3-2B16BAAD04C2}.Debug|x86.ActiveCfg = Debug|Any CPU
		{5A2AC660-0290-4E7C-96A3-2B16BAAD04C2}.Debug|x86.Build.0 = Debug|Any CPU
		{5A2AC660-0290-4E7C-96A3-2B16BAAD04C2}.MinSizeRel|Any CPU.ActiveCfg = Release|Any CPU
		{5A2AC660-0290-4E7C-96A3-2B16BAAD04C2}.MinSizeRel|Any CPU.Build.0 = Release|Any CPU
		{5A2AC660-0290-4E7C-96A3-2B16BAAD04C2}.MinSizeRel|x64.ActiveCfg = Release|Any CPU
		{5A2AC660-0290-4E7C-96A3-2B16BAAD04C2}.MinSizeRel|x64.Build.0 = Release|Any CPU
		{5A2AC660-0290-4E7C-96A3-2B16BAAD04C2}.MinSizeRel|x86.ActiveCfg = Release|Any CPU
		{5A2AC660-0290-4E7C-96A3-2B16BAAD04C2}.MinSizeRel|x86.Build.0 = Release|Any CPU
		{5A2AC660-0290-4E7C-96A3-2B16BAAD04C2}.Release|Any CPU.ActiveCfg = Release|Any CPU
		{5A2AC660-0290-4E7C-96A3-2B16BAAD04C2}.Release|Any CPU.Build.0 = Release|Any CPU
		{5A2AC660-0290-4E7C-96A3-2B16BAAD04C2}.Release|x64.ActiveCfg = Release|Any CPU
		{5A2AC660-0290-4E7C-96A3-2B16BAAD04C2}.Release|x64.Build.0 = Release|Any CPU
		{5A2AC660-0290-4E7C-96A3-2B16BAAD04C2}.Release|x86.ActiveCfg = Release|Any CPU
		{5A2AC660-0290-4E7C-96A3-2B16BAAD04C2}.Release|x86.Build.0 = Release|Any CPU
		{5A2AC660-0290-4E7C-96A3-2B16BAAD04C2}.RelWithDebInfo|Any CPU.ActiveCfg = Release|Any CPU
		{5A2AC660-0290-4E7C-96A3-2B16BAAD04C2}.RelWithDebInfo|Any CPU.Build.0 = Release|Any CPU
		{5A2AC660-0290-4E7C-96A3-2B16BAAD04C2}.RelWithDebInfo|x64.ActiveCfg = Release|Any CPU
		{5A2AC660-0290-4E7C-96A3-2B16BAAD04C2}.RelWithDebInfo|x64.Build.0 = Release|Any CPU
		{5A2AC660-0290-4E7C-96A3-2B16BAAD04C2}.RelWithDebInfo|x86.ActiveCfg = Release|Any CPU
		{5A2AC660-0290-4E7C-96A3-2B16BAAD04C2}.RelWithDebInfo|x86.Build.0 = Release|Any CPU
		{6A6AD9E1-052A-4241-ACA7-9ADE483610A4}.Debug|Any CPU.ActiveCfg = Debug|Any CPU
		{6A6AD9E1-052A-4241-ACA7-9ADE483610A4}.Debug|Any CPU.Build.0 = Debug|Any CPU
		{6A6AD9E1-052A-4241-ACA7-9ADE483610A4}.Debug|x64.ActiveCfg = Debug|Any CPU
		{6A6AD9E1-052A-4241-ACA7-9ADE483610A4}.Debug|x64.Build.0 = Debug|Any CPU
		{6A6AD9E1-052A-4241-ACA7-9ADE483610A4}.Debug|x86.ActiveCfg = Debug|Any CPU
		{6A6AD9E1-052A-4241-ACA7-9ADE483610A4}.Debug|x86.Build.0 = Debug|Any CPU
		{6A6AD9E1-052A-4241-ACA7-9ADE483610A4}.MinSizeRel|Any CPU.ActiveCfg = Release|Any CPU
		{6A6AD9E1-052A-4241-ACA7-9ADE483610A4}.MinSizeRel|Any CPU.Build.0 = Release|Any CPU
		{6A6AD9E1-052A-4241-ACA7-9ADE483610A4}.MinSizeRel|x64.ActiveCfg = Release|Any CPU
		{6A6AD9E1-052A-4241-ACA7-9ADE483610A4}.MinSizeRel|x64.Build.0 = Release|Any CPU
		{6A6AD9E1-052A-4241-ACA7-9ADE483610A4}.MinSizeRel|x86.ActiveCfg = Release|Any CPU
		{6A6AD9E1-052A-4241-ACA7-9ADE483610A4}.MinSizeRel|x86.Build.0 = Release|Any CPU
		{6A6AD9E1-052A-4241-ACA7-9ADE483610A4}.Release|Any CPU.ActiveCfg = Release|Any CPU
		{6A6AD9E1-052A-4241-ACA7-9ADE483610A4}.Release|Any CPU.Build.0 = Release|Any CPU
		{6A6AD9E1-052A-4241-ACA7-9ADE483610A4}.Release|x64.ActiveCfg = Release|Any CPU
		{6A6AD9E1-052A-4241-ACA7-9ADE483610A4}.Release|x64.Build.0 = Release|Any CPU
		{6A6AD9E1-052A-4241-ACA7-9ADE483610A4}.Release|x86.ActiveCfg = Release|Any CPU
		{6A6AD9E1-052A-4241-ACA7-9ADE483610A4}.Release|x86.Build.0 = Release|Any CPU
		{6A6AD9E1-052A-4241-ACA7-9ADE483610A4}.RelWithDebInfo|Any CPU.ActiveCfg = Release|Any CPU
		{6A6AD9E1-052A-4241-ACA7-9ADE483610A4}.RelWithDebInfo|Any CPU.Build.0 = Release|Any CPU
		{6A6AD9E1-052A-4241-ACA7-9ADE483610A4}.RelWithDebInfo|x64.ActiveCfg = Release|Any CPU
		{6A6AD9E1-052A-4241-ACA7-9ADE483610A4}.RelWithDebInfo|x64.Build.0 = Release|Any CPU
		{6A6AD9E1-052A-4241-ACA7-9ADE483610A4}.RelWithDebInfo|x86.ActiveCfg = Release|Any CPU
		{6A6AD9E1-052A-4241-ACA7-9ADE483610A4}.RelWithDebInfo|x86.Build.0 = Release|Any CPU
		{6AC291D7-EAD5-4917-80E8-2E90CF9AD2C6}.Debug|Any CPU.ActiveCfg = Debug|Any CPU
		{6AC291D7-EAD5-4917-80E8-2E90CF9AD2C6}.Debug|Any CPU.Build.0 = Debug|Any CPU
		{6AC291D7-EAD5-4917-80E8-2E90CF9AD2C6}.Debug|x64.ActiveCfg = Debug|Any CPU
		{6AC291D7-EAD5-4917-80E8-2E90CF9AD2C6}.Debug|x64.Build.0 = Debug|Any CPU
		{6AC291D7-EAD5-4917-80E8-2E90CF9AD2C6}.Debug|x86.ActiveCfg = Debug|Any CPU
		{6AC291D7-EAD5-4917-80E8-2E90CF9AD2C6}.Debug|x86.Build.0 = Debug|Any CPU
		{6AC291D7-EAD5-4917-80E8-2E90CF9AD2C6}.MinSizeRel|Any CPU.ActiveCfg = Release|Any CPU
		{6AC291D7-EAD5-4917-80E8-2E90CF9AD2C6}.MinSizeRel|Any CPU.Build.0 = Release|Any CPU
		{6AC291D7-EAD5-4917-80E8-2E90CF9AD2C6}.MinSizeRel|x64.ActiveCfg = Release|Any CPU
		{6AC291D7-EAD5-4917-80E8-2E90CF9AD2C6}.MinSizeRel|x64.Build.0 = Release|Any CPU
		{6AC291D7-EAD5-4917-80E8-2E90CF9AD2C6}.MinSizeRel|x86.ActiveCfg = Release|Any CPU
		{6AC291D7-EAD5-4917-80E8-2E90CF9AD2C6}.MinSizeRel|x86.Build.0 = Release|Any CPU
		{6AC291D7-EAD5-4917-80E8-2E90CF9AD2C6}.Release|Any CPU.ActiveCfg = Release|Any CPU
		{6AC291D7-EAD5-4917-80E8-2E90CF9AD2C6}.Release|Any CPU.Build.0 = Release|Any CPU
		{6AC291D7-EAD5-4917-80E8-2E90CF9AD2C6}.Release|x64.ActiveCfg = Release|Any CPU
		{6AC291D7-EAD5-4917-80E8-2E90CF9AD2C6}.Release|x64.Build.0 = Release|Any CPU
		{6AC291D7-EAD5-4917-80E8-2E90CF9AD2C6}.Release|x86.ActiveCfg = Release|Any CPU
		{6AC291D7-EAD5-4917-80E8-2E90CF9AD2C6}.Release|x86.Build.0 = Release|Any CPU
		{6AC291D7-EAD5-4917-80E8-2E90CF9AD2C6}.RelWithDebInfo|Any CPU.ActiveCfg = Release|Any CPU
		{6AC291D7-EAD5-4917-80E8-2E90CF9AD2C6}.RelWithDebInfo|Any CPU.Build.0 = Release|Any CPU
		{6AC291D7-EAD5-4917-80E8-2E90CF9AD2C6}.RelWithDebInfo|x64.ActiveCfg = Release|Any CPU
		{6AC291D7-EAD5-4917-80E8-2E90CF9AD2C6}.RelWithDebInfo|x64.Build.0 = Release|Any CPU
		{6AC291D7-EAD5-4917-80E8-2E90CF9AD2C6}.RelWithDebInfo|x86.ActiveCfg = Release|Any CPU
		{6AC291D7-EAD5-4917-80E8-2E90CF9AD2C6}.RelWithDebInfo|x86.Build.0 = Release|Any CPU
		{88BB263C-CFE9-43F0-BCDA-EB81DCE6E4B2}.Debug|Any CPU.ActiveCfg = Debug|Any CPU
		{88BB263C-CFE9-43F0-BCDA-EB81DCE6E4B2}.Debug|Any CPU.Build.0 = Debug|Any CPU
		{88BB263C-CFE9-43F0-BCDA-EB81DCE6E4B2}.Debug|x64.ActiveCfg = Debug|Any CPU
		{88BB263C-CFE9-43F0-BCDA-EB81DCE6E4B2}.Debug|x64.Build.0 = Debug|Any CPU
		{88BB263C-CFE9-43F0-BCDA-EB81DCE6E4B2}.Debug|x86.ActiveCfg = Debug|Any CPU
		{88BB263C-CFE9-43F0-BCDA-EB81DCE6E4B2}.Debug|x86.Build.0 = Debug|Any CPU
		{88BB263C-CFE9-43F0-BCDA-EB81DCE6E4B2}.MinSizeRel|Any CPU.ActiveCfg = Release|Any CPU
		{88BB263C-CFE9-43F0-BCDA-EB81DCE6E4B2}.MinSizeRel|Any CPU.Build.0 = Release|Any CPU
		{88BB263C-CFE9-43F0-BCDA-EB81DCE6E4B2}.MinSizeRel|x64.ActiveCfg = Release|Any CPU
		{88BB263C-CFE9-43F0-BCDA-EB81DCE6E4B2}.MinSizeRel|x64.Build.0 = Release|Any CPU
		{88BB263C-CFE9-43F0-BCDA-EB81DCE6E4B2}.MinSizeRel|x86.ActiveCfg = Release|Any CPU
		{88BB263C-CFE9-43F0-BCDA-EB81DCE6E4B2}.MinSizeRel|x86.Build.0 = Release|Any CPU
		{88BB263C-CFE9-43F0-BCDA-EB81DCE6E4B2}.Release|Any CPU.ActiveCfg = Release|Any CPU
		{88BB263C-CFE9-43F0-BCDA-EB81DCE6E4B2}.Release|Any CPU.Build.0 = Release|Any CPU
		{88BB263C-CFE9-43F0-BCDA-EB81DCE6E4B2}.Release|x64.ActiveCfg = Release|Any CPU
		{88BB263C-CFE9-43F0-BCDA-EB81DCE6E4B2}.Release|x64.Build.0 = Release|Any CPU
		{88BB263C-CFE9-43F0-BCDA-EB81DCE6E4B2}.Release|x86.ActiveCfg = Release|Any CPU
		{88BB263C-CFE9-43F0-BCDA-EB81DCE6E4B2}.Release|x86.Build.0 = Release|Any CPU
		{88BB263C-CFE9-43F0-BCDA-EB81DCE6E4B2}.RelWithDebInfo|Any CPU.ActiveCfg = Release|Any CPU
		{88BB263C-CFE9-43F0-BCDA-EB81DCE6E4B2}.RelWithDebInfo|Any CPU.Build.0 = Release|Any CPU
		{88BB263C-CFE9-43F0-BCDA-EB81DCE6E4B2}.RelWithDebInfo|x64.ActiveCfg = Release|Any CPU
		{88BB263C-CFE9-43F0-BCDA-EB81DCE6E4B2}.RelWithDebInfo|x64.Build.0 = Release|Any CPU
		{88BB263C-CFE9-43F0-BCDA-EB81DCE6E4B2}.RelWithDebInfo|x86.ActiveCfg = Release|Any CPU
		{88BB263C-CFE9-43F0-BCDA-EB81DCE6E4B2}.RelWithDebInfo|x86.Build.0 = Release|Any CPU
		{9D17D8FC-D6AF-4ABC-B5FE-6DBFEAE91D83}.Debug|Any CPU.ActiveCfg = Debug|Any CPU
		{9D17D8FC-D6AF-4ABC-B5FE-6DBFEAE91D83}.Debug|Any CPU.Build.0 = Debug|Any CPU
		{9D17D8FC-D6AF-4ABC-B5FE-6DBFEAE91D83}.Debug|x64.ActiveCfg = Debug|Any CPU
		{9D17D8FC-D6AF-4ABC-B5FE-6DBFEAE91D83}.Debug|x64.Build.0 = Debug|Any CPU
		{9D17D8FC-D6AF-4ABC-B5FE-6DBFEAE91D83}.Debug|x86.ActiveCfg = Debug|Any CPU
		{9D17D8FC-D6AF-4ABC-B5FE-6DBFEAE91D83}.Debug|x86.Build.0 = Debug|Any CPU
		{9D17D8FC-D6AF-4ABC-B5FE-6DBFEAE91D83}.MinSizeRel|Any CPU.ActiveCfg = Release|Any CPU
		{9D17D8FC-D6AF-4ABC-B5FE-6DBFEAE91D83}.MinSizeRel|Any CPU.Build.0 = Release|Any CPU
		{9D17D8FC-D6AF-4ABC-B5FE-6DBFEAE91D83}.MinSizeRel|x64.ActiveCfg = Release|Any CPU
		{9D17D8FC-D6AF-4ABC-B5FE-6DBFEAE91D83}.MinSizeRel|x64.Build.0 = Release|Any CPU
		{9D17D8FC-D6AF-4ABC-B5FE-6DBFEAE91D83}.MinSizeRel|x86.ActiveCfg = Release|Any CPU
		{9D17D8FC-D6AF-4ABC-B5FE-6DBFEAE91D83}.MinSizeRel|x86.Build.0 = Release|Any CPU
		{9D17D8FC-D6AF-4ABC-B5FE-6DBFEAE91D83}.Release|Any CPU.ActiveCfg = Release|Any CPU
		{9D17D8FC-D6AF-4ABC-B5FE-6DBFEAE91D83}.Release|Any CPU.Build.0 = Release|Any CPU
		{9D17D8FC-D6AF-4ABC-B5FE-6DBFEAE91D83}.Release|x64.ActiveCfg = Release|Any CPU
		{9D17D8FC-D6AF-4ABC-B5FE-6DBFEAE91D83}.Release|x64.Build.0 = Release|Any CPU
		{9D17D8FC-D6AF-4ABC-B5FE-6DBFEAE91D83}.Release|x86.ActiveCfg = Release|Any CPU
		{9D17D8FC-D6AF-4ABC-B5FE-6DBFEAE91D83}.Release|x86.Build.0 = Release|Any CPU
		{9D17D8FC-D6AF-4ABC-B5FE-6DBFEAE91D83}.RelWithDebInfo|Any CPU.ActiveCfg = Release|Any CPU
		{9D17D8FC-D6AF-4ABC-B5FE-6DBFEAE91D83}.RelWithDebInfo|Any CPU.Build.0 = Release|Any CPU
		{9D17D8FC-D6AF-4ABC-B5FE-6DBFEAE91D83}.RelWithDebInfo|x64.ActiveCfg = Release|Any CPU
		{9D17D8FC-D6AF-4ABC-B5FE-6DBFEAE91D83}.RelWithDebInfo|x64.Build.0 = Release|Any CPU
		{9D17D8FC-D6AF-4ABC-B5FE-6DBFEAE91D83}.RelWithDebInfo|x86.ActiveCfg = Release|Any CPU
		{9D17D8FC-D6AF-4ABC-B5FE-6DBFEAE91D83}.RelWithDebInfo|x86.Build.0 = Release|Any CPU
		{E2BA6CBD-B975-479D-815D-D87B38C9E9C1}.Debug|Any CPU.ActiveCfg = Debug|Any CPU
		{E2BA6CBD-B975-479D-815D-D87B38C9E9C1}.Debug|Any CPU.Build.0 = Debug|Any CPU
		{E2BA6CBD-B975-479D-815D-D87B38C9E9C1}.Debug|x64.ActiveCfg = Debug|Any CPU
		{E2BA6CBD-B975-479D-815D-D87B38C9E9C1}.Debug|x64.Build.0 = Debug|Any CPU
		{E2BA6CBD-B975-479D-815D-D87B38C9E9C1}.Debug|x86.ActiveCfg = Debug|Any CPU
		{E2BA6CBD-B975-479D-815D-D87B38C9E9C1}.Debug|x86.Build.0 = Debug|Any CPU
		{E2BA6CBD-B975-479D-815D-D87B38C9E9C1}.MinSizeRel|Any CPU.ActiveCfg = Release|Any CPU
		{E2BA6CBD-B975-479D-815D-D87B38C9E9C1}.MinSizeRel|Any CPU.Build.0 = Release|Any CPU
		{E2BA6CBD-B975-479D-815D-D87B38C9E9C1}.MinSizeRel|x64.ActiveCfg = Release|Any CPU
		{E2BA6CBD-B975-479D-815D-D87B38C9E9C1}.MinSizeRel|x64.Build.0 = Release|Any CPU
		{E2BA6CBD-B975-479D-815D-D87B38C9E9C1}.MinSizeRel|x86.ActiveCfg = Release|Any CPU
		{E2BA6CBD-B975-479D-815D-D87B38C9E9C1}.MinSizeRel|x86.Build.0 = Release|Any CPU
		{E2BA6CBD-B975-479D-815D-D87B38C9E9C1}.Release|Any CPU.ActiveCfg = Release|Any CPU
		{E2BA6CBD-B975-479D-815D-D87B38C9E9C1}.Release|Any CPU.Build.0 = Release|Any CPU
		{E2BA6CBD-B975-479D-815D-D87B38C9E9C1}.Release|x64.ActiveCfg = Release|Any CPU
		{E2BA6CBD-B975-479D-815D-D87B38C9E9C1}.Release|x64.Build.0 = Release|Any CPU
		{E2BA6CBD-B975-479D-815D-D87B38C9E9C1}.Release|x86.ActiveCfg = Release|Any CPU
		{E2BA6CBD-B975-479D-815D-D87B38C9E9C1}.Release|x86.Build.0 = Release|Any CPU
		{E2BA6CBD-B975-479D-815D-D87B38C9E9C1}.RelWithDebInfo|Any CPU.ActiveCfg = Release|Any CPU
		{E2BA6CBD-B975-479D-815D-D87B38C9E9C1}.RelWithDebInfo|Any CPU.Build.0 = Release|Any CPU
		{E2BA6CBD-B975-479D-815D-D87B38C9E9C1}.RelWithDebInfo|x64.ActiveCfg = Release|Any CPU
		{E2BA6CBD-B975-479D-815D-D87B38C9E9C1}.RelWithDebInfo|x64.Build.0 = Release|Any CPU
		{E2BA6CBD-B975-479D-815D-D87B38C9E9C1}.RelWithDebInfo|x86.ActiveCfg = Release|Any CPU
		{E2BA6CBD-B975-479D-815D-D87B38C9E9C1}.RelWithDebInfo|x86.Build.0 = Release|Any CPU
		{2805EC1C-C7F7-429B-8CC0-D9ED1F0D954C}.Debug|Any CPU.ActiveCfg = Debug|Any CPU
		{2805EC1C-C7F7-429B-8CC0-D9ED1F0D954C}.Debug|Any CPU.Build.0 = Debug|Any CPU
		{2805EC1C-C7F7-429B-8CC0-D9ED1F0D954C}.Debug|Any CPU.Deploy.0 = Debug|Any CPU
		{2805EC1C-C7F7-429B-8CC0-D9ED1F0D954C}.Debug|x64.ActiveCfg = Debug|Any CPU
		{2805EC1C-C7F7-429B-8CC0-D9ED1F0D954C}.Debug|x64.Build.0 = Debug|Any CPU
		{2805EC1C-C7F7-429B-8CC0-D9ED1F0D954C}.Debug|x64.Deploy.0 = Debug|Any CPU
		{2805EC1C-C7F7-429B-8CC0-D9ED1F0D954C}.Debug|x86.ActiveCfg = Debug|Any CPU
		{2805EC1C-C7F7-429B-8CC0-D9ED1F0D954C}.Debug|x86.Build.0 = Debug|Any CPU
		{2805EC1C-C7F7-429B-8CC0-D9ED1F0D954C}.Debug|x86.Deploy.0 = Debug|Any CPU
		{2805EC1C-C7F7-429B-8CC0-D9ED1F0D954C}.MinSizeRel|Any CPU.ActiveCfg = Release|Any CPU
		{2805EC1C-C7F7-429B-8CC0-D9ED1F0D954C}.MinSizeRel|Any CPU.Build.0 = Release|Any CPU
		{2805EC1C-C7F7-429B-8CC0-D9ED1F0D954C}.MinSizeRel|Any CPU.Deploy.0 = Release|Any CPU
		{2805EC1C-C7F7-429B-8CC0-D9ED1F0D954C}.MinSizeRel|x64.ActiveCfg = Release|Any CPU
		{2805EC1C-C7F7-429B-8CC0-D9ED1F0D954C}.MinSizeRel|x64.Build.0 = Release|Any CPU
		{2805EC1C-C7F7-429B-8CC0-D9ED1F0D954C}.MinSizeRel|x64.Deploy.0 = Release|Any CPU
		{2805EC1C-C7F7-429B-8CC0-D9ED1F0D954C}.MinSizeRel|x86.ActiveCfg = Release|Any CPU
		{2805EC1C-C7F7-429B-8CC0-D9ED1F0D954C}.MinSizeRel|x86.Build.0 = Release|Any CPU
		{2805EC1C-C7F7-429B-8CC0-D9ED1F0D954C}.MinSizeRel|x86.Deploy.0 = Release|Any CPU
		{2805EC1C-C7F7-429B-8CC0-D9ED1F0D954C}.Release|Any CPU.ActiveCfg = Release|Any CPU
		{2805EC1C-C7F7-429B-8CC0-D9ED1F0D954C}.Release|Any CPU.Build.0 = Release|Any CPU
		{2805EC1C-C7F7-429B-8CC0-D9ED1F0D954C}.Release|Any CPU.Deploy.0 = Release|Any CPU
		{2805EC1C-C7F7-429B-8CC0-D9ED1F0D954C}.Release|x64.ActiveCfg = Release|Any CPU
		{2805EC1C-C7F7-429B-8CC0-D9ED1F0D954C}.Release|x64.Build.0 = Release|Any CPU
		{2805EC1C-C7F7-429B-8CC0-D9ED1F0D954C}.Release|x64.Deploy.0 = Release|Any CPU
		{2805EC1C-C7F7-429B-8CC0-D9ED1F0D954C}.Release|x86.ActiveCfg = Release|Any CPU
		{2805EC1C-C7F7-429B-8CC0-D9ED1F0D954C}.Release|x86.Build.0 = Release|Any CPU
		{2805EC1C-C7F7-429B-8CC0-D9ED1F0D954C}.Release|x86.Deploy.0 = Release|Any CPU
		{2805EC1C-C7F7-429B-8CC0-D9ED1F0D954C}.RelWithDebInfo|Any CPU.ActiveCfg = Release|Any CPU
		{2805EC1C-C7F7-429B-8CC0-D9ED1F0D954C}.RelWithDebInfo|Any CPU.Build.0 = Release|Any CPU
		{2805EC1C-C7F7-429B-8CC0-D9ED1F0D954C}.RelWithDebInfo|Any CPU.Deploy.0 = Release|Any CPU
		{2805EC1C-C7F7-429B-8CC0-D9ED1F0D954C}.RelWithDebInfo|x64.ActiveCfg = Release|Any CPU
		{2805EC1C-C7F7-429B-8CC0-D9ED1F0D954C}.RelWithDebInfo|x64.Build.0 = Release|Any CPU
		{2805EC1C-C7F7-429B-8CC0-D9ED1F0D954C}.RelWithDebInfo|x64.Deploy.0 = Release|Any CPU
		{2805EC1C-C7F7-429B-8CC0-D9ED1F0D954C}.RelWithDebInfo|x86.ActiveCfg = Release|Any CPU
		{2805EC1C-C7F7-429B-8CC0-D9ED1F0D954C}.RelWithDebInfo|x86.Build.0 = Release|Any CPU
		{2805EC1C-C7F7-429B-8CC0-D9ED1F0D954C}.RelWithDebInfo|x86.Deploy.0 = Release|Any CPU
		{EFC000CC-4122-464A-B800-921F86A77A25}.Debug|Any CPU.ActiveCfg = Debug|Any CPU
		{EFC000CC-4122-464A-B800-921F86A77A25}.Debug|Any CPU.Build.0 = Debug|Any CPU
		{EFC000CC-4122-464A-B800-921F86A77A25}.Debug|x64.ActiveCfg = Debug|Any CPU
		{EFC000CC-4122-464A-B800-921F86A77A25}.Debug|x64.Build.0 = Debug|Any CPU
		{EFC000CC-4122-464A-B800-921F86A77A25}.Debug|x86.ActiveCfg = Debug|Any CPU
		{EFC000CC-4122-464A-B800-921F86A77A25}.Debug|x86.Build.0 = Debug|Any CPU
		{EFC000CC-4122-464A-B800-921F86A77A25}.MinSizeRel|Any CPU.ActiveCfg = Release|Any CPU
		{EFC000CC-4122-464A-B800-921F86A77A25}.MinSizeRel|Any CPU.Build.0 = Release|Any CPU
		{EFC000CC-4122-464A-B800-921F86A77A25}.MinSizeRel|x64.ActiveCfg = Release|Any CPU
		{EFC000CC-4122-464A-B800-921F86A77A25}.MinSizeRel|x64.Build.0 = Release|Any CPU
		{EFC000CC-4122-464A-B800-921F86A77A25}.MinSizeRel|x86.ActiveCfg = Release|Any CPU
		{EFC000CC-4122-464A-B800-921F86A77A25}.MinSizeRel|x86.Build.0 = Release|Any CPU
		{EFC000CC-4122-464A-B800-921F86A77A25}.Release|Any CPU.ActiveCfg = Release|Any CPU
		{EFC000CC-4122-464A-B800-921F86A77A25}.Release|Any CPU.Build.0 = Release|Any CPU
		{EFC000CC-4122-464A-B800-921F86A77A25}.Release|x64.ActiveCfg = Release|Any CPU
		{EFC000CC-4122-464A-B800-921F86A77A25}.Release|x64.Build.0 = Release|Any CPU
		{EFC000CC-4122-464A-B800-921F86A77A25}.Release|x86.ActiveCfg = Release|Any CPU
		{EFC000CC-4122-464A-B800-921F86A77A25}.Release|x86.Build.0 = Release|Any CPU
		{EFC000CC-4122-464A-B800-921F86A77A25}.RelWithDebInfo|Any CPU.ActiveCfg = Release|Any CPU
		{EFC000CC-4122-464A-B800-921F86A77A25}.RelWithDebInfo|Any CPU.Build.0 = Release|Any CPU
		{EFC000CC-4122-464A-B800-921F86A77A25}.RelWithDebInfo|x64.ActiveCfg = Release|Any CPU
		{EFC000CC-4122-464A-B800-921F86A77A25}.RelWithDebInfo|x64.Build.0 = Release|Any CPU
		{EFC000CC-4122-464A-B800-921F86A77A25}.RelWithDebInfo|x86.ActiveCfg = Release|Any CPU
		{EFC000CC-4122-464A-B800-921F86A77A25}.RelWithDebInfo|x86.Build.0 = Release|Any CPU
		{D5D60B98-8610-4EAA-ACD6-4D91CCB33141}.Debug|Any CPU.ActiveCfg = Debug|Any CPU
		{D5D60B98-8610-4EAA-ACD6-4D91CCB33141}.Debug|Any CPU.Build.0 = Debug|Any CPU
		{D5D60B98-8610-4EAA-ACD6-4D91CCB33141}.Debug|x64.ActiveCfg = Debug|Any CPU
		{D5D60B98-8610-4EAA-ACD6-4D91CCB33141}.Debug|x64.Build.0 = Debug|Any CPU
		{D5D60B98-8610-4EAA-ACD6-4D91CCB33141}.Debug|x86.ActiveCfg = Debug|Any CPU
		{D5D60B98-8610-4EAA-ACD6-4D91CCB33141}.Debug|x86.Build.0 = Debug|Any CPU
		{D5D60B98-8610-4EAA-ACD6-4D91CCB33141}.MinSizeRel|Any CPU.ActiveCfg = Release|Any CPU
		{D5D60B98-8610-4EAA-ACD6-4D91CCB33141}.MinSizeRel|Any CPU.Build.0 = Release|Any CPU
		{D5D60B98-8610-4EAA-ACD6-4D91CCB33141}.MinSizeRel|x64.ActiveCfg = Release|Any CPU
		{D5D60B98-8610-4EAA-ACD6-4D91CCB33141}.MinSizeRel|x64.Build.0 = Release|Any CPU
		{D5D60B98-8610-4EAA-ACD6-4D91CCB33141}.MinSizeRel|x86.ActiveCfg = Release|Any CPU
		{D5D60B98-8610-4EAA-ACD6-4D91CCB33141}.MinSizeRel|x86.Build.0 = Release|Any CPU
		{D5D60B98-8610-4EAA-ACD6-4D91CCB33141}.Release|Any CPU.ActiveCfg = Release|Any CPU
		{D5D60B98-8610-4EAA-ACD6-4D91CCB33141}.Release|Any CPU.Build.0 = Release|Any CPU
		{D5D60B98-8610-4EAA-ACD6-4D91CCB33141}.Release|x64.ActiveCfg = Release|Any CPU
		{D5D60B98-8610-4EAA-ACD6-4D91CCB33141}.Release|x64.Build.0 = Release|Any CPU
		{D5D60B98-8610-4EAA-ACD6-4D91CCB33141}.Release|x86.ActiveCfg = Release|Any CPU
		{D5D60B98-8610-4EAA-ACD6-4D91CCB33141}.Release|x86.Build.0 = Release|Any CPU
		{D5D60B98-8610-4EAA-ACD6-4D91CCB33141}.RelWithDebInfo|Any CPU.ActiveCfg = Release|Any CPU
		{D5D60B98-8610-4EAA-ACD6-4D91CCB33141}.RelWithDebInfo|Any CPU.Build.0 = Release|Any CPU
		{D5D60B98-8610-4EAA-ACD6-4D91CCB33141}.RelWithDebInfo|x64.ActiveCfg = Release|Any CPU
		{D5D60B98-8610-4EAA-ACD6-4D91CCB33141}.RelWithDebInfo|x64.Build.0 = Release|Any CPU
		{D5D60B98-8610-4EAA-ACD6-4D91CCB33141}.RelWithDebInfo|x86.ActiveCfg = Release|Any CPU
		{D5D60B98-8610-4EAA-ACD6-4D91CCB33141}.RelWithDebInfo|x86.Build.0 = Release|Any CPU
		{FB7DD9CC-C488-4095-81DF-2538C35E0BD8}.Debug|Any CPU.ActiveCfg = Debug|Any CPU
		{FB7DD9CC-C488-4095-81DF-2538C35E0BD8}.Debug|Any CPU.Build.0 = Debug|Any CPU
		{FB7DD9CC-C488-4095-81DF-2538C35E0BD8}.Debug|x64.ActiveCfg = Debug|Any CPU
		{FB7DD9CC-C488-4095-81DF-2538C35E0BD8}.Debug|x64.Build.0 = Debug|Any CPU
		{FB7DD9CC-C488-4095-81DF-2538C35E0BD8}.Debug|x86.ActiveCfg = Debug|Any CPU
		{FB7DD9CC-C488-4095-81DF-2538C35E0BD8}.Debug|x86.Build.0 = Debug|Any CPU
		{FB7DD9CC-C488-4095-81DF-2538C35E0BD8}.MinSizeRel|Any CPU.ActiveCfg = Release|Any CPU
		{FB7DD9CC-C488-4095-81DF-2538C35E0BD8}.MinSizeRel|Any CPU.Build.0 = Release|Any CPU
		{FB7DD9CC-C488-4095-81DF-2538C35E0BD8}.MinSizeRel|x64.ActiveCfg = Release|Any CPU
		{FB7DD9CC-C488-4095-81DF-2538C35E0BD8}.MinSizeRel|x64.Build.0 = Release|Any CPU
		{FB7DD9CC-C488-4095-81DF-2538C35E0BD8}.MinSizeRel|x86.ActiveCfg = Release|Any CPU
		{FB7DD9CC-C488-4095-81DF-2538C35E0BD8}.MinSizeRel|x86.Build.0 = Release|Any CPU
		{FB7DD9CC-C488-4095-81DF-2538C35E0BD8}.Release|Any CPU.ActiveCfg = Release|Any CPU
		{FB7DD9CC-C488-4095-81DF-2538C35E0BD8}.Release|Any CPU.Build.0 = Release|Any CPU
		{FB7DD9CC-C488-4095-81DF-2538C35E0BD8}.Release|x64.ActiveCfg = Release|Any CPU
		{FB7DD9CC-C488-4095-81DF-2538C35E0BD8}.Release|x64.Build.0 = Release|Any CPU
		{FB7DD9CC-C488-4095-81DF-2538C35E0BD8}.Release|x86.ActiveCfg = Release|Any CPU
		{FB7DD9CC-C488-4095-81DF-2538C35E0BD8}.Release|x86.Build.0 = Release|Any CPU
		{FB7DD9CC-C488-4095-81DF-2538C35E0BD8}.RelWithDebInfo|Any CPU.ActiveCfg = Release|Any CPU
		{FB7DD9CC-C488-4095-81DF-2538C35E0BD8}.RelWithDebInfo|Any CPU.Build.0 = Release|Any CPU
		{FB7DD9CC-C488-4095-81DF-2538C35E0BD8}.RelWithDebInfo|x64.ActiveCfg = Release|Any CPU
		{FB7DD9CC-C488-4095-81DF-2538C35E0BD8}.RelWithDebInfo|x64.Build.0 = Release|Any CPU
		{FB7DD9CC-C488-4095-81DF-2538C35E0BD8}.RelWithDebInfo|x86.ActiveCfg = Release|Any CPU
		{FB7DD9CC-C488-4095-81DF-2538C35E0BD8}.RelWithDebInfo|x86.Build.0 = Release|Any CPU
		{15936ED3-078E-4E06-A517-65434CC28E90}.Debug|Any CPU.ActiveCfg = Debug|Any CPU
		{15936ED3-078E-4E06-A517-65434CC28E90}.Debug|Any CPU.Build.0 = Debug|Any CPU
		{15936ED3-078E-4E06-A517-65434CC28E90}.Debug|x64.ActiveCfg = Debug|Any CPU
		{15936ED3-078E-4E06-A517-65434CC28E90}.Debug|x64.Build.0 = Debug|Any CPU
		{15936ED3-078E-4E06-A517-65434CC28E90}.Debug|x86.ActiveCfg = Debug|Any CPU
		{15936ED3-078E-4E06-A517-65434CC28E90}.Debug|x86.Build.0 = Debug|Any CPU
		{15936ED3-078E-4E06-A517-65434CC28E90}.MinSizeRel|Any CPU.ActiveCfg = Release|Any CPU
		{15936ED3-078E-4E06-A517-65434CC28E90}.MinSizeRel|Any CPU.Build.0 = Release|Any CPU
		{15936ED3-078E-4E06-A517-65434CC28E90}.MinSizeRel|x64.ActiveCfg = Release|Any CPU
		{15936ED3-078E-4E06-A517-65434CC28E90}.MinSizeRel|x64.Build.0 = Release|Any CPU
		{15936ED3-078E-4E06-A517-65434CC28E90}.MinSizeRel|x86.ActiveCfg = Release|Any CPU
		{15936ED3-078E-4E06-A517-65434CC28E90}.MinSizeRel|x86.Build.0 = Release|Any CPU
		{15936ED3-078E-4E06-A517-65434CC28E90}.Release|Any CPU.ActiveCfg = Release|Any CPU
		{15936ED3-078E-4E06-A517-65434CC28E90}.Release|Any CPU.Build.0 = Release|Any CPU
		{15936ED3-078E-4E06-A517-65434CC28E90}.Release|x64.ActiveCfg = Release|Any CPU
		{15936ED3-078E-4E06-A517-65434CC28E90}.Release|x64.Build.0 = Release|Any CPU
		{15936ED3-078E-4E06-A517-65434CC28E90}.Release|x86.ActiveCfg = Release|Any CPU
		{15936ED3-078E-4E06-A517-65434CC28E90}.Release|x86.Build.0 = Release|Any CPU
		{15936ED3-078E-4E06-A517-65434CC28E90}.RelWithDebInfo|Any CPU.ActiveCfg = Release|Any CPU
		{15936ED3-078E-4E06-A517-65434CC28E90}.RelWithDebInfo|Any CPU.Build.0 = Release|Any CPU
		{15936ED3-078E-4E06-A517-65434CC28E90}.RelWithDebInfo|x64.ActiveCfg = Release|Any CPU
		{15936ED3-078E-4E06-A517-65434CC28E90}.RelWithDebInfo|x64.Build.0 = Release|Any CPU
		{15936ED3-078E-4E06-A517-65434CC28E90}.RelWithDebInfo|x86.ActiveCfg = Release|Any CPU
		{15936ED3-078E-4E06-A517-65434CC28E90}.RelWithDebInfo|x86.Build.0 = Release|Any CPU
		{0BA62FDF-71AD-4B8A-A6B0-35EFF3C300C4}.Debug|Any CPU.ActiveCfg = Debug|Any CPU
		{0BA62FDF-71AD-4B8A-A6B0-35EFF3C300C4}.Debug|Any CPU.Build.0 = Debug|Any CPU
		{0BA62FDF-71AD-4B8A-A6B0-35EFF3C300C4}.Debug|x64.ActiveCfg = Debug|Any CPU
		{0BA62FDF-71AD-4B8A-A6B0-35EFF3C300C4}.Debug|x64.Build.0 = Debug|Any CPU
		{0BA62FDF-71AD-4B8A-A6B0-35EFF3C300C4}.Debug|x86.ActiveCfg = Debug|Any CPU
		{0BA62FDF-71AD-4B8A-A6B0-35EFF3C300C4}.Debug|x86.Build.0 = Debug|Any CPU
		{0BA62FDF-71AD-4B8A-A6B0-35EFF3C300C4}.MinSizeRel|Any CPU.ActiveCfg = Release|Any CPU
		{0BA62FDF-71AD-4B8A-A6B0-35EFF3C300C4}.MinSizeRel|Any CPU.Build.0 = Release|Any CPU
		{0BA62FDF-71AD-4B8A-A6B0-35EFF3C300C4}.MinSizeRel|x64.ActiveCfg = Release|Any CPU
		{0BA62FDF-71AD-4B8A-A6B0-35EFF3C300C4}.MinSizeRel|x64.Build.0 = Release|Any CPU
		{0BA62FDF-71AD-4B8A-A6B0-35EFF3C300C4}.MinSizeRel|x86.ActiveCfg = Release|Any CPU
		{0BA62FDF-71AD-4B8A-A6B0-35EFF3C300C4}.MinSizeRel|x86.Build.0 = Release|Any CPU
		{0BA62FDF-71AD-4B8A-A6B0-35EFF3C300C4}.Release|Any CPU.ActiveCfg = Release|Any CPU
		{0BA62FDF-71AD-4B8A-A6B0-35EFF3C300C4}.Release|Any CPU.Build.0 = Release|Any CPU
		{0BA62FDF-71AD-4B8A-A6B0-35EFF3C300C4}.Release|x64.ActiveCfg = Release|Any CPU
		{0BA62FDF-71AD-4B8A-A6B0-35EFF3C300C4}.Release|x64.Build.0 = Release|Any CPU
		{0BA62FDF-71AD-4B8A-A6B0-35EFF3C300C4}.Release|x86.ActiveCfg = Release|Any CPU
		{0BA62FDF-71AD-4B8A-A6B0-35EFF3C300C4}.Release|x86.Build.0 = Release|Any CPU
		{0BA62FDF-71AD-4B8A-A6B0-35EFF3C300C4}.RelWithDebInfo|Any CPU.ActiveCfg = Release|Any CPU
		{0BA62FDF-71AD-4B8A-A6B0-35EFF3C300C4}.RelWithDebInfo|Any CPU.Build.0 = Release|Any CPU
		{0BA62FDF-71AD-4B8A-A6B0-35EFF3C300C4}.RelWithDebInfo|x64.ActiveCfg = Release|Any CPU
		{0BA62FDF-71AD-4B8A-A6B0-35EFF3C300C4}.RelWithDebInfo|x64.Build.0 = Release|Any CPU
		{0BA62FDF-71AD-4B8A-A6B0-35EFF3C300C4}.RelWithDebInfo|x86.ActiveCfg = Release|Any CPU
		{0BA62FDF-71AD-4B8A-A6B0-35EFF3C300C4}.RelWithDebInfo|x86.Build.0 = Release|Any CPU
		{9BD1EE7F-6D1A-481F-8D13-F3205EEBD454}.Debug|Any CPU.ActiveCfg = Debug|Any CPU
		{9BD1EE7F-6D1A-481F-8D13-F3205EEBD454}.Debug|Any CPU.Build.0 = Debug|Any CPU
		{9BD1EE7F-6D1A-481F-8D13-F3205EEBD454}.Debug|x64.ActiveCfg = Debug|Any CPU
		{9BD1EE7F-6D1A-481F-8D13-F3205EEBD454}.Debug|x64.Build.0 = Debug|Any CPU
		{9BD1EE7F-6D1A-481F-8D13-F3205EEBD454}.Debug|x86.ActiveCfg = Debug|Any CPU
		{9BD1EE7F-6D1A-481F-8D13-F3205EEBD454}.Debug|x86.Build.0 = Debug|Any CPU
		{9BD1EE7F-6D1A-481F-8D13-F3205EEBD454}.MinSizeRel|Any CPU.ActiveCfg = Release|Any CPU
		{9BD1EE7F-6D1A-481F-8D13-F3205EEBD454}.MinSizeRel|Any CPU.Build.0 = Release|Any CPU
		{9BD1EE7F-6D1A-481F-8D13-F3205EEBD454}.MinSizeRel|x64.ActiveCfg = Release|Any CPU
		{9BD1EE7F-6D1A-481F-8D13-F3205EEBD454}.MinSizeRel|x64.Build.0 = Release|Any CPU
		{9BD1EE7F-6D1A-481F-8D13-F3205EEBD454}.MinSizeRel|x86.ActiveCfg = Release|Any CPU
		{9BD1EE7F-6D1A-481F-8D13-F3205EEBD454}.MinSizeRel|x86.Build.0 = Release|Any CPU
		{9BD1EE7F-6D1A-481F-8D13-F3205EEBD454}.Release|Any CPU.ActiveCfg = Release|Any CPU
		{9BD1EE7F-6D1A-481F-8D13-F3205EEBD454}.Release|Any CPU.Build.0 = Release|Any CPU
		{9BD1EE7F-6D1A-481F-8D13-F3205EEBD454}.Release|x64.ActiveCfg = Release|Any CPU
		{9BD1EE7F-6D1A-481F-8D13-F3205EEBD454}.Release|x64.Build.0 = Release|Any CPU
		{9BD1EE7F-6D1A-481F-8D13-F3205EEBD454}.Release|x86.ActiveCfg = Release|Any CPU
		{9BD1EE7F-6D1A-481F-8D13-F3205EEBD454}.Release|x86.Build.0 = Release|Any CPU
		{9BD1EE7F-6D1A-481F-8D13-F3205EEBD454}.RelWithDebInfo|Any CPU.ActiveCfg = Release|Any CPU
		{9BD1EE7F-6D1A-481F-8D13-F3205EEBD454}.RelWithDebInfo|Any CPU.Build.0 = Release|Any CPU
		{9BD1EE7F-6D1A-481F-8D13-F3205EEBD454}.RelWithDebInfo|x64.ActiveCfg = Release|Any CPU
		{9BD1EE7F-6D1A-481F-8D13-F3205EEBD454}.RelWithDebInfo|x64.Build.0 = Release|Any CPU
		{9BD1EE7F-6D1A-481F-8D13-F3205EEBD454}.RelWithDebInfo|x86.ActiveCfg = Release|Any CPU
		{9BD1EE7F-6D1A-481F-8D13-F3205EEBD454}.RelWithDebInfo|x86.Build.0 = Release|Any CPU
		{9119490C-E582-4E55-AFA5-6A51680711BA}.Debug|Any CPU.ActiveCfg = Debug|Any CPU
		{9119490C-E582-4E55-AFA5-6A51680711BA}.Debug|Any CPU.Build.0 = Debug|Any CPU
		{9119490C-E582-4E55-AFA5-6A51680711BA}.Debug|x64.ActiveCfg = Debug|Any CPU
		{9119490C-E582-4E55-AFA5-6A51680711BA}.Debug|x64.Build.0 = Debug|Any CPU
		{9119490C-E582-4E55-AFA5-6A51680711BA}.Debug|x86.ActiveCfg = Debug|Any CPU
		{9119490C-E582-4E55-AFA5-6A51680711BA}.Debug|x86.Build.0 = Debug|Any CPU
		{9119490C-E582-4E55-AFA5-6A51680711BA}.MinSizeRel|Any CPU.ActiveCfg = Release|Any CPU
		{9119490C-E582-4E55-AFA5-6A51680711BA}.MinSizeRel|Any CPU.Build.0 = Release|Any CPU
		{9119490C-E582-4E55-AFA5-6A51680711BA}.MinSizeRel|x64.ActiveCfg = Release|Any CPU
		{9119490C-E582-4E55-AFA5-6A51680711BA}.MinSizeRel|x64.Build.0 = Release|Any CPU
		{9119490C-E582-4E55-AFA5-6A51680711BA}.MinSizeRel|x86.ActiveCfg = Release|Any CPU
		{9119490C-E582-4E55-AFA5-6A51680711BA}.MinSizeRel|x86.Build.0 = Release|Any CPU
		{9119490C-E582-4E55-AFA5-6A51680711BA}.Release|Any CPU.ActiveCfg = Release|Any CPU
		{9119490C-E582-4E55-AFA5-6A51680711BA}.Release|Any CPU.Build.0 = Release|Any CPU
		{9119490C-E582-4E55-AFA5-6A51680711BA}.Release|x64.ActiveCfg = Release|Any CPU
		{9119490C-E582-4E55-AFA5-6A51680711BA}.Release|x64.Build.0 = Release|Any CPU
		{9119490C-E582-4E55-AFA5-6A51680711BA}.Release|x86.ActiveCfg = Release|Any CPU
		{9119490C-E582-4E55-AFA5-6A51680711BA}.Release|x86.Build.0 = Release|Any CPU
		{9119490C-E582-4E55-AFA5-6A51680711BA}.RelWithDebInfo|Any CPU.ActiveCfg = Release|Any CPU
		{9119490C-E582-4E55-AFA5-6A51680711BA}.RelWithDebInfo|Any CPU.Build.0 = Release|Any CPU
		{9119490C-E582-4E55-AFA5-6A51680711BA}.RelWithDebInfo|x64.ActiveCfg = Release|Any CPU
		{9119490C-E582-4E55-AFA5-6A51680711BA}.RelWithDebInfo|x64.Build.0 = Release|Any CPU
		{9119490C-E582-4E55-AFA5-6A51680711BA}.RelWithDebInfo|x86.ActiveCfg = Release|Any CPU
		{9119490C-E582-4E55-AFA5-6A51680711BA}.RelWithDebInfo|x86.Build.0 = Release|Any CPU
		{F39854E7-0838-484A-B90F-A481C4070E9D}.Debug|Any CPU.ActiveCfg = Debug|Any CPU
		{F39854E7-0838-484A-B90F-A481C4070E9D}.Debug|Any CPU.Build.0 = Debug|Any CPU
		{F39854E7-0838-484A-B90F-A481C4070E9D}.Debug|x64.ActiveCfg = Debug|Any CPU
		{F39854E7-0838-484A-B90F-A481C4070E9D}.Debug|x64.Build.0 = Debug|Any CPU
		{F39854E7-0838-484A-B90F-A481C4070E9D}.Debug|x86.ActiveCfg = Debug|Any CPU
		{F39854E7-0838-484A-B90F-A481C4070E9D}.Debug|x86.Build.0 = Debug|Any CPU
		{F39854E7-0838-484A-B90F-A481C4070E9D}.MinSizeRel|Any CPU.ActiveCfg = Debug|Any CPU
		{F39854E7-0838-484A-B90F-A481C4070E9D}.MinSizeRel|Any CPU.Build.0 = Debug|Any CPU
		{F39854E7-0838-484A-B90F-A481C4070E9D}.MinSizeRel|x64.ActiveCfg = Debug|Any CPU
		{F39854E7-0838-484A-B90F-A481C4070E9D}.MinSizeRel|x64.Build.0 = Debug|Any CPU
		{F39854E7-0838-484A-B90F-A481C4070E9D}.MinSizeRel|x86.ActiveCfg = Debug|Any CPU
		{F39854E7-0838-484A-B90F-A481C4070E9D}.MinSizeRel|x86.Build.0 = Debug|Any CPU
		{F39854E7-0838-484A-B90F-A481C4070E9D}.Release|Any CPU.ActiveCfg = Release|Any CPU
		{F39854E7-0838-484A-B90F-A481C4070E9D}.Release|Any CPU.Build.0 = Release|Any CPU
		{F39854E7-0838-484A-B90F-A481C4070E9D}.Release|x64.ActiveCfg = Release|Any CPU
		{F39854E7-0838-484A-B90F-A481C4070E9D}.Release|x64.Build.0 = Release|Any CPU
		{F39854E7-0838-484A-B90F-A481C4070E9D}.Release|x86.ActiveCfg = Release|Any CPU
		{F39854E7-0838-484A-B90F-A481C4070E9D}.Release|x86.Build.0 = Release|Any CPU
		{F39854E7-0838-484A-B90F-A481C4070E9D}.RelWithDebInfo|Any CPU.ActiveCfg = Release|Any CPU
		{F39854E7-0838-484A-B90F-A481C4070E9D}.RelWithDebInfo|Any CPU.Build.0 = Release|Any CPU
		{F39854E7-0838-484A-B90F-A481C4070E9D}.RelWithDebInfo|x64.ActiveCfg = Release|Any CPU
		{F39854E7-0838-484A-B90F-A481C4070E9D}.RelWithDebInfo|x64.Build.0 = Release|Any CPU
		{F39854E7-0838-484A-B90F-A481C4070E9D}.RelWithDebInfo|x86.ActiveCfg = Release|Any CPU
		{F39854E7-0838-484A-B90F-A481C4070E9D}.RelWithDebInfo|x86.Build.0 = Release|Any CPU
		{41BDFD3A-8C3B-402D-BED6-5FC81EE1A22A}.Debug|Any CPU.ActiveCfg = Debug|Any CPU
		{41BDFD3A-8C3B-402D-BED6-5FC81EE1A22A}.Debug|Any CPU.Build.0 = Debug|Any CPU
		{41BDFD3A-8C3B-402D-BED6-5FC81EE1A22A}.Debug|x64.ActiveCfg = Debug|Any CPU
		{41BDFD3A-8C3B-402D-BED6-5FC81EE1A22A}.Debug|x64.Build.0 = Debug|Any CPU
		{41BDFD3A-8C3B-402D-BED6-5FC81EE1A22A}.Debug|x86.ActiveCfg = Debug|Any CPU
		{41BDFD3A-8C3B-402D-BED6-5FC81EE1A22A}.Debug|x86.Build.0 = Debug|Any CPU
		{41BDFD3A-8C3B-402D-BED6-5FC81EE1A22A}.MinSizeRel|Any CPU.ActiveCfg = Debug|Any CPU
		{41BDFD3A-8C3B-402D-BED6-5FC81EE1A22A}.MinSizeRel|Any CPU.Build.0 = Debug|Any CPU
		{41BDFD3A-8C3B-402D-BED6-5FC81EE1A22A}.MinSizeRel|x64.ActiveCfg = Debug|Any CPU
		{41BDFD3A-8C3B-402D-BED6-5FC81EE1A22A}.MinSizeRel|x64.Build.0 = Debug|Any CPU
		{41BDFD3A-8C3B-402D-BED6-5FC81EE1A22A}.MinSizeRel|x86.ActiveCfg = Debug|Any CPU
		{41BDFD3A-8C3B-402D-BED6-5FC81EE1A22A}.MinSizeRel|x86.Build.0 = Debug|Any CPU
		{41BDFD3A-8C3B-402D-BED6-5FC81EE1A22A}.Release|Any CPU.ActiveCfg = Release|Any CPU
		{41BDFD3A-8C3B-402D-BED6-5FC81EE1A22A}.Release|Any CPU.Build.0 = Release|Any CPU
		{41BDFD3A-8C3B-402D-BED6-5FC81EE1A22A}.Release|x64.ActiveCfg = Release|Any CPU
		{41BDFD3A-8C3B-402D-BED6-5FC81EE1A22A}.Release|x64.Build.0 = Release|Any CPU
		{41BDFD3A-8C3B-402D-BED6-5FC81EE1A22A}.Release|x86.ActiveCfg = Release|Any CPU
		{41BDFD3A-8C3B-402D-BED6-5FC81EE1A22A}.Release|x86.Build.0 = Release|Any CPU
		{41BDFD3A-8C3B-402D-BED6-5FC81EE1A22A}.RelWithDebInfo|Any CPU.ActiveCfg = Release|Any CPU
		{41BDFD3A-8C3B-402D-BED6-5FC81EE1A22A}.RelWithDebInfo|Any CPU.Build.0 = Release|Any CPU
		{41BDFD3A-8C3B-402D-BED6-5FC81EE1A22A}.RelWithDebInfo|x64.ActiveCfg = Release|Any CPU
		{41BDFD3A-8C3B-402D-BED6-5FC81EE1A22A}.RelWithDebInfo|x64.Build.0 = Release|Any CPU
		{41BDFD3A-8C3B-402D-BED6-5FC81EE1A22A}.RelWithDebInfo|x86.ActiveCfg = Release|Any CPU
		{41BDFD3A-8C3B-402D-BED6-5FC81EE1A22A}.RelWithDebInfo|x86.Build.0 = Release|Any CPU
		{CC5E7BD5-4B3A-4723-A00E-9B174B94F3F0}.Debug|Any CPU.ActiveCfg = Debug|Any CPU
		{CC5E7BD5-4B3A-4723-A00E-9B174B94F3F0}.Debug|Any CPU.Build.0 = Debug|Any CPU
		{CC5E7BD5-4B3A-4723-A00E-9B174B94F3F0}.Debug|x64.ActiveCfg = Debug|Any CPU
		{CC5E7BD5-4B3A-4723-A00E-9B174B94F3F0}.Debug|x64.Build.0 = Debug|Any CPU
		{CC5E7BD5-4B3A-4723-A00E-9B174B94F3F0}.Debug|x86.ActiveCfg = Debug|Any CPU
		{CC5E7BD5-4B3A-4723-A00E-9B174B94F3F0}.Debug|x86.Build.0 = Debug|Any CPU
		{CC5E7BD5-4B3A-4723-A00E-9B174B94F3F0}.MinSizeRel|Any CPU.ActiveCfg = Debug|Any CPU
		{CC5E7BD5-4B3A-4723-A00E-9B174B94F3F0}.MinSizeRel|Any CPU.Build.0 = Debug|Any CPU
		{CC5E7BD5-4B3A-4723-A00E-9B174B94F3F0}.MinSizeRel|x64.ActiveCfg = Debug|Any CPU
		{CC5E7BD5-4B3A-4723-A00E-9B174B94F3F0}.MinSizeRel|x64.Build.0 = Debug|Any CPU
		{CC5E7BD5-4B3A-4723-A00E-9B174B94F3F0}.MinSizeRel|x86.ActiveCfg = Debug|Any CPU
		{CC5E7BD5-4B3A-4723-A00E-9B174B94F3F0}.MinSizeRel|x86.Build.0 = Debug|Any CPU
		{CC5E7BD5-4B3A-4723-A00E-9B174B94F3F0}.Release|Any CPU.ActiveCfg = Release|Any CPU
		{CC5E7BD5-4B3A-4723-A00E-9B174B94F3F0}.Release|Any CPU.Build.0 = Release|Any CPU
		{CC5E7BD5-4B3A-4723-A00E-9B174B94F3F0}.Release|x64.ActiveCfg = Release|Any CPU
		{CC5E7BD5-4B3A-4723-A00E-9B174B94F3F0}.Release|x64.Build.0 = Release|Any CPU
		{CC5E7BD5-4B3A-4723-A00E-9B174B94F3F0}.Release|x86.ActiveCfg = Release|Any CPU
		{CC5E7BD5-4B3A-4723-A00E-9B174B94F3F0}.Release|x86.Build.0 = Release|Any CPU
		{CC5E7BD5-4B3A-4723-A00E-9B174B94F3F0}.RelWithDebInfo|Any CPU.ActiveCfg = Release|Any CPU
		{CC5E7BD5-4B3A-4723-A00E-9B174B94F3F0}.RelWithDebInfo|Any CPU.Build.0 = Release|Any CPU
		{CC5E7BD5-4B3A-4723-A00E-9B174B94F3F0}.RelWithDebInfo|x64.ActiveCfg = Release|Any CPU
		{CC5E7BD5-4B3A-4723-A00E-9B174B94F3F0}.RelWithDebInfo|x64.Build.0 = Release|Any CPU
		{CC5E7BD5-4B3A-4723-A00E-9B174B94F3F0}.RelWithDebInfo|x86.ActiveCfg = Release|Any CPU
		{CC5E7BD5-4B3A-4723-A00E-9B174B94F3F0}.RelWithDebInfo|x86.Build.0 = Release|Any CPU
	EndGlobalSection
	GlobalSection(SolutionProperties) = preSolution
		HideSolutionNode = FALSE
	EndGlobalSection
	GlobalSection(NestedProjects) = preSolution
		{A13DCCB9-0EC0-465D-B213-EC85DAB5D85F} = {5A6560FF-794C-4369-AC8A-2019C0797869}
		{31DA94C5-69B1-47E5-AF30-831781BD81F0} = {0551204A-A764-45F7-91EB-6817586876E9}
		{2EA5CAE8-3286-4B84-8754-6A8AF951E40D} = {0551204A-A764-45F7-91EB-6817586876E9}
		{20422187-3B6A-4566-ADFC-AF7D0D2EAB42} = {DED4ABDA-245B-4AF2-9F40-179C3BCBA0E2}
		{09215565-AF76-4B22-A78F-82A0C0C2FCDA} = {0551204A-A764-45F7-91EB-6817586876E9}
		{4A5AE689-B314-4EEC-8931-8B98F154DB13} = {5A6560FF-794C-4369-AC8A-2019C0797869}
		{BE06568F-093C-42EC-B928-93627BD316D9} = {AA3F7F2B-778E-4B57-A8AB-E1BCA44E2211}
		{1046DFEB-2394-4477-B3E1-436B2EF8E295} = {CBBF747E-EAFE-4679-A1DB-933615B0B58F}
		{DF810EFF-1899-4B16-A4A2-C16B175890A7} = {DED4ABDA-245B-4AF2-9F40-179C3BCBA0E2}
		{5A2AC660-0290-4E7C-96A3-2B16BAAD04C2} = {0551204A-A764-45F7-91EB-6817586876E9}
		{6A6AD9E1-052A-4241-ACA7-9ADE483610A4} = {5BEA3297-4101-491D-A1A8-73BFB1078DB8}
		{6AC291D7-EAD5-4917-80E8-2E90CF9AD2C6} = {5BEA3297-4101-491D-A1A8-73BFB1078DB8}
		{88BB263C-CFE9-43F0-BCDA-EB81DCE6E4B2} = {5BEA3297-4101-491D-A1A8-73BFB1078DB8}
		{9D17D8FC-D6AF-4ABC-B5FE-6DBFEAE91D83} = {5BEA3297-4101-491D-A1A8-73BFB1078DB8}
		{E2BA6CBD-B975-479D-815D-D87B38C9E9C1} = {1205A9F0-96F5-47D0-A46E-03EB98619B31}
		{2805EC1C-C7F7-429B-8CC0-D9ED1F0D954C} = {AA3F7F2B-778E-4B57-A8AB-E1BCA44E2211}
		{EFC000CC-4122-464A-B800-921F86A77A25} = {AA3F7F2B-778E-4B57-A8AB-E1BCA44E2211}
		{D5D60B98-8610-4EAA-ACD6-4D91CCB33141} = {609B9E8D-4DB9-429C-B4C4-A75202A3CF4F}
		{FB7DD9CC-C488-4095-81DF-2538C35E0BD8} = {609B9E8D-4DB9-429C-B4C4-A75202A3CF4F}
		{15936ED3-078E-4E06-A517-65434CC28E90} = {609B9E8D-4DB9-429C-B4C4-A75202A3CF4F}
		{0BA62FDF-71AD-4B8A-A6B0-35EFF3C300C4} = {1205A9F0-96F5-47D0-A46E-03EB98619B31}
		{9BD1EE7F-6D1A-481F-8D13-F3205EEBD454} = {1205A9F0-96F5-47D0-A46E-03EB98619B31}
		{9119490C-E582-4E55-AFA5-6A51680711BA} = {1205A9F0-96F5-47D0-A46E-03EB98619B31}
		{F39854E7-0838-484A-B90F-A481C4070E9D} = {5BEA3297-4101-491D-A1A8-73BFB1078DB8}
		{41BDFD3A-8C3B-402D-BED6-5FC81EE1A22A} = {CBBF747E-EAFE-4679-A1DB-933615B0B58F}
		{5BEA3297-4101-491D-A1A8-73BFB1078DB8} = {CBBF747E-EAFE-4679-A1DB-933615B0B58F}
		{0551204A-A764-45F7-91EB-6817586876E9} = {5A6560FF-794C-4369-AC8A-2019C0797869}
		{DED4ABDA-245B-4AF2-9F40-179C3BCBA0E2} = {5A6560FF-794C-4369-AC8A-2019C0797869}
		{609B9E8D-4DB9-429C-B4C4-A75202A3CF4F} = {CBBF747E-EAFE-4679-A1DB-933615B0B58F}
		{CC5E7BD5-4B3A-4723-A00E-9B174B94F3F0} = {DED4ABDA-245B-4AF2-9F40-179C3BCBA0E2}
	EndGlobalSection
	GlobalSection(ExtensibilityGlobals) = postSolution
		SolutionGuid = {EAFD093A-9390-4097-8A8D-6E80416BBEE3}
	EndGlobalSection
EndGlobal
